// !$*UTF8*$!
{
	archiveVersion = 1;
	classes = {
	};
	objectVersion = 46;
	objects = {

/* Begin PBXBuildFile section */
		C241698F525B426D927F446D /* libPods.a in Frameworks */ = {isa = PBXBuildFile; fileRef = 46FCC8B0DAE24806B36D18EB /* libPods.a */; };
		C30235541721DD4300842687 /* RepositoryViewStoryboard_iPhone.storyboard in Resources */ = {isa = PBXBuildFile; fileRef = C30235531721DD4300842687 /* RepositoryViewStoryboard_iPhone.storyboard */; };
		C302355C1721DE5400842687 /* LICENSE.md in Resources */ = {isa = PBXBuildFile; fileRef = C30235561721DE5400842687 /* LICENSE.md */; };
		C302355D1721DE5400842687 /* M6ParallaxController.m in Sources */ = {isa = PBXBuildFile; fileRef = C30235581721DE5400842687 /* M6ParallaxController.m */; };
		C302355E1721DE5400842687 /* README.md in Resources */ = {isa = PBXBuildFile; fileRef = C30235591721DE5400842687 /* README.md */; };
		C302355F1721DE5400842687 /* UIViewController+M6ParallaxController.m in Sources */ = {isa = PBXBuildFile; fileRef = C302355B1721DE5400842687 /* UIViewController+M6ParallaxController.m */; };
		C30235621721DEAF00842687 /* DMRepositoryDetailTableViewController.m in Sources */ = {isa = PBXBuildFile; fileRef = C30235611721DEAF00842687 /* DMRepositoryDetailTableViewController.m */; };
		C30235651721DECE00842687 /* DMParallaxedViewController.m in Sources */ = {isa = PBXBuildFile; fileRef = C30235641721DECE00842687 /* DMParallaxedViewController.m */; };
		C30235681721DEE600842687 /* DMParallaxViewController.m in Sources */ = {isa = PBXBuildFile; fileRef = C30235671721DEE600842687 /* DMParallaxViewController.m */; };
		C30235741722534300842687 /* DMRepositoryDetailTableViewCell.xib in Resources */ = {isa = PBXBuildFile; fileRef = C30235711722534200842687 /* DMRepositoryDetailTableViewCell.xib */; };
		C30235751722534300842687 /* DMRepositoryDetailTableViewCell.m in Sources */ = {isa = PBXBuildFile; fileRef = C30235731722534300842687 /* DMRepositoryDetailTableViewCell.m */; };
		C302357817226B0500842687 /* DMRepositoryDetailViewController.m in Sources */ = {isa = PBXBuildFile; fileRef = C302357717226B0500842687 /* DMRepositoryDetailViewController.m */; };
		C302357A17226B3B00842687 /* RepositoryDetailView.xib in Resources */ = {isa = PBXBuildFile; fileRef = C302357917226B3B00842687 /* RepositoryDetailView.xib */; };
		C30FB3C917121D64002D6C69 /* DMCustomLabel.m in Sources */ = {isa = PBXBuildFile; fileRef = C30FB3C817121D64002D6C69 /* DMCustomLabel.m */; };
		C31B5F45171E3023006199AD /* NotifyCheck.png in Resources */ = {isa = PBXBuildFile; fileRef = C31B5F41171E3023006199AD /* NotifyCheck.png */; };
		C31B5F46171E3023006199AD /* NotifyCheck@2x.png in Resources */ = {isa = PBXBuildFile; fileRef = C31B5F42171E3023006199AD /* NotifyCheck@2x.png */; };
		C31B5F47171E3023006199AD /* NotifyX.png in Resources */ = {isa = PBXBuildFile; fileRef = C31B5F43171E3023006199AD /* NotifyX.png */; };
		C31B5F48171E3023006199AD /* NotifyX@2x.png in Resources */ = {isa = PBXBuildFile; fileRef = C31B5F44171E3023006199AD /* NotifyX@2x.png */; };
		C31B5F6D171E7F63006199AD /* Box.png in Resources */ = {isa = PBXBuildFile; fileRef = C31B5F65171E7F63006199AD /* Box.png */; };
		C31B5F6E171E7F63006199AD /* lock@2x.png in Resources */ = {isa = PBXBuildFile; fileRef = C31B5F66171E7F63006199AD /* lock@2x.png */; };
		C31B5F6F171E7F63006199AD /* boxWithFork@2x.png in Resources */ = {isa = PBXBuildFile; fileRef = C31B5F67171E7F63006199AD /* boxWithFork@2x.png */; };
		C31B5F70171E7F63006199AD /* boxWithStar.png in Resources */ = {isa = PBXBuildFile; fileRef = C31B5F68171E7F63006199AD /* boxWithStar.png */; };
		C31B5F71171E7F63006199AD /* boxWithStar@2x.png in Resources */ = {isa = PBXBuildFile; fileRef = C31B5F69171E7F63006199AD /* boxWithStar@2x.png */; };
		C31B5F72171E7F63006199AD /* boxWithFork.png in Resources */ = {isa = PBXBuildFile; fileRef = C31B5F6A171E7F63006199AD /* boxWithFork.png */; };
		C31B5F73171E7F63006199AD /* Box@2x.png in Resources */ = {isa = PBXBuildFile; fileRef = C31B5F6B171E7F63006199AD /* Box@2x.png */; };
		C31B5F74171E7F63006199AD /* lock.png in Resources */ = {isa = PBXBuildFile; fileRef = C31B5F6C171E7F63006199AD /* lock.png */; };
		C329908E1712165500176E3A /* Avenir.ttc in Resources */ = {isa = PBXBuildFile; fileRef = C329908D1712165500176E3A /* Avenir.ttc */; };
		C3690FD81718821900E2EBCA /* sL7cyZ5Oa7-2-1.png in Resources */ = {isa = PBXBuildFile; fileRef = C3690FD71718821900E2EBCA /* sL7cyZ5Oa7-2-1.png */; };
		C3767C9417168E2900BC593B /* DMInitialViewController.m in Sources */ = {isa = PBXBuildFile; fileRef = C3767C9317168E2900BC593B /* DMInitialViewController.m */; };
		C3767C9717168E7C00BC593B /* DMHomeScreenCollectionViewController.m in Sources */ = {isa = PBXBuildFile; fileRef = C3767C9617168E7C00BC593B /* DMHomeScreenCollectionViewController.m */; };
		C3767C9D17168ECB00BC593B /* DMSettingsTableViewController.m in Sources */ = {isa = PBXBuildFile; fileRef = C3767C9C17168ECB00BC593B /* DMSettingsTableViewController.m */; };
		C3767C9F17168EEA00BC593B /* InitialStoryboard_iPhone.storyboard in Resources */ = {isa = PBXBuildFile; fileRef = C3767C9E17168EEA00BC593B /* InitialStoryboard_iPhone.storyboard */; };
		C3767CA2171696E300BC593B /* DMHomeScreenViewController.m in Sources */ = {isa = PBXBuildFile; fileRef = C3767CA1171696E300BC593B /* DMHomeScreenViewController.m */; };
		C3767CA4171696FF00BC593B /* HomeScreenView.xib in Resources */ = {isa = PBXBuildFile; fileRef = C3767CA3171696FF00BC593B /* HomeScreenView.xib */; };
		C3767CAA1716994B00BC593B /* DMHomeScreenTableViewController.m in Sources */ = {isa = PBXBuildFile; fileRef = C3767CA91716994B00BC593B /* DMHomeScreenTableViewController.m */; };
		C37D72AC171FC66C00AB948C /* DMSearchResultsTableViewController.m in Sources */ = {isa = PBXBuildFile; fileRef = C37D72AB171FC66C00AB948C /* DMSearchResultsTableViewController.m */; };
		C37F7029171CB5D3003D385E /* RepositoryStoryboard_iPhone.storyboard in Resources */ = {isa = PBXBuildFile; fileRef = C37F7028171CB5D3003D385E /* RepositoryStoryboard_iPhone.storyboard */; };
		C384C74516EA9FE9009434D5 /* CoreText.framework in Frameworks */ = {isa = PBXBuildFile; fileRef = C384C74316EA9FE9009434D5 /* CoreText.framework */; };
		C384C74616EA9FE9009434D5 /* QuartzCore.framework in Frameworks */ = {isa = PBXBuildFile; fileRef = C384C74416EA9FE9009434D5 /* QuartzCore.framework */; };
		C384C75116EAA12D009434D5 /* libz.dylib in Frameworks */ = {isa = PBXBuildFile; fileRef = C384C75016EAA12D009434D5 /* libz.dylib */; };
		C384C75316EAA498009434D5 /* SystemConfiguration.framework in Frameworks */ = {isa = PBXBuildFile; fileRef = C384C75216EAA498009434D5 /* SystemConfiguration.framework */; };
		C384C75516EAA4A9009434D5 /* MobileCoreServices.framework in Frameworks */ = {isa = PBXBuildFile; fileRef = C384C75416EAA4A9009434D5 /* MobileCoreServices.framework */; };
		C39840DE16EA9AD100B2ADB1 /* UIKit.framework in Frameworks */ = {isa = PBXBuildFile; fileRef = C39840DD16EA9AD100B2ADB1 /* UIKit.framework */; };
		C39840E016EA9AD100B2ADB1 /* Foundation.framework in Frameworks */ = {isa = PBXBuildFile; fileRef = C39840DF16EA9AD100B2ADB1 /* Foundation.framework */; };
		C39840E216EA9AD100B2ADB1 /* CoreGraphics.framework in Frameworks */ = {isa = PBXBuildFile; fileRef = C39840E116EA9AD100B2ADB1 /* CoreGraphics.framework */; };
		C39840E816EA9AD100B2ADB1 /* InfoPlist.strings in Resources */ = {isa = PBXBuildFile; fileRef = C39840E616EA9AD100B2ADB1 /* InfoPlist.strings */; };
		C39840EA16EA9AD100B2ADB1 /* main.m in Sources */ = {isa = PBXBuildFile; fileRef = C39840E916EA9AD100B2ADB1 /* main.m */; };
		C39840EE16EA9AD100B2ADB1 /* DMAppDelegate.m in Sources */ = {isa = PBXBuildFile; fileRef = C39840ED16EA9AD100B2ADB1 /* DMAppDelegate.m */; };
		C39840F016EA9AD100B2ADB1 /* Default.png in Resources */ = {isa = PBXBuildFile; fileRef = C39840EF16EA9AD100B2ADB1 /* Default.png */; };
		C39840F216EA9AD100B2ADB1 /* Default@2x.png in Resources */ = {isa = PBXBuildFile; fileRef = C39840F116EA9AD100B2ADB1 /* Default@2x.png */; };
		C39840F416EA9AD100B2ADB1 /* Default-568h@2x.png in Resources */ = {isa = PBXBuildFile; fileRef = C39840F316EA9AD100B2ADB1 /* Default-568h@2x.png */; };
		C39840F716EA9AD100B2ADB1 /* MainStoryboard_iPhone.storyboard in Resources */ = {isa = PBXBuildFile; fileRef = C39840F516EA9AD100B2ADB1 /* MainStoryboard_iPhone.storyboard */; };
		C39840FD16EA9AD100B2ADB1 /* DMViewController.m in Sources */ = {isa = PBXBuildFile; fileRef = C39840FC16EA9AD100B2ADB1 /* DMViewController.m */; };
		C3A8EB7C171F02E3001C85DD /* SearchStoryboard_iPhone.storyboard in Resources */ = {isa = PBXBuildFile; fileRef = C3A8EB7B171F02E3001C85DD /* SearchStoryboard_iPhone.storyboard */; };
		C3A8EB7F171F0332001C85DD /* DMSearchResultsViewController.m in Sources */ = {isa = PBXBuildFile; fileRef = C3A8EB7E171F0332001C85DD /* DMSearchResultsViewController.m */; };
		C3A8EB81171F048C001C85DD /* ExploreStoryboard_iPhone.storyboard in Resources */ = {isa = PBXBuildFile; fileRef = C3A8EB80171F048C001C85DD /* ExploreStoryboard_iPhone.storyboard */; };
		C3A8EB84171F04CA001C85DD /* DMExploreTableViewController.m in Sources */ = {isa = PBXBuildFile; fileRef = C3A8EB83171F04CA001C85DD /* DMExploreTableViewController.m */; };
		C3AB55D2171CB16600D992C2 /* DMRepositoryViewController.m in Sources */ = {isa = PBXBuildFile; fileRef = C3AB55D1171CB16600D992C2 /* DMRepositoryViewController.m */; };
		C3DAEC2F16EC06BE00C51F73 /* DMRepositoryTableViewCell.m in Sources */ = {isa = PBXBuildFile; fileRef = C3DAEC2D16EC06BE00C51F73 /* DMRepositoryTableViewCell.m */; };
		C3DAEC3016EC06BE00C51F73 /* RepositoryTableViewCell.xib in Resources */ = {isa = PBXBuildFile; fileRef = C3DAEC2E16EC06BE00C51F73 /* RepositoryTableViewCell.xib */; };
		C3ED621916EC702000311A72 /* Security.framework in Frameworks */ = {isa = PBXBuildFile; fileRef = C3ED621816EC702000311A72 /* Security.framework */; };
		C3ED621B16EC702B00311A72 /* CFNetwork.framework in Frameworks */ = {isa = PBXBuildFile; fileRef = C3ED621A16EC702B00311A72 /* CFNetwork.framework */; };
		C3ED621D16EC703B00311A72 /* MessageUI.framework in Frameworks */ = {isa = PBXBuildFile; fileRef = C3ED621C16EC703B00311A72 /* MessageUI.framework */; };
		C3ED622016EC765F00311A72 /* DMAccountViewController.m in Sources */ = {isa = PBXBuildFile; fileRef = C3ED621F16EC765F00311A72 /* DMAccountViewController.m */; };
/* End PBXBuildFile section */

/* Begin PBXFileReference section */
		46FCC8B0DAE24806B36D18EB /* libPods.a */ = {isa = PBXFileReference; explicitFileType = archive.ar; includeInIndex = 0; path = libPods.a; sourceTree = BUILT_PRODUCTS_DIR; };
		48E35ED2D5A14F259D4DD291 /* Pods.xcconfig */ = {isa = PBXFileReference; includeInIndex = 1; lastKnownFileType = text.xcconfig; name = Pods.xcconfig; path = Pods/Pods.xcconfig; sourceTree = SOURCE_ROOT; };
		C30235531721DD4300842687 /* RepositoryViewStoryboard_iPhone.storyboard */ = {isa = PBXFileReference; fileEncoding = 4; lastKnownFileType = file.storyboard; path = RepositoryViewStoryboard_iPhone.storyboard; sourceTree = "<group>"; };
		C30235561721DE5400842687 /* LICENSE.md */ = {isa = PBXFileReference; fileEncoding = 4; lastKnownFileType = text; path = LICENSE.md; sourceTree = "<group>"; };
		C30235571721DE5400842687 /* M6ParallaxController.h */ = {isa = PBXFileReference; fileEncoding = 4; lastKnownFileType = sourcecode.c.h; path = M6ParallaxController.h; sourceTree = "<group>"; };
		C30235581721DE5400842687 /* M6ParallaxController.m */ = {isa = PBXFileReference; fileEncoding = 4; lastKnownFileType = sourcecode.c.objc; path = M6ParallaxController.m; sourceTree = "<group>"; };
		C30235591721DE5400842687 /* README.md */ = {isa = PBXFileReference; fileEncoding = 4; lastKnownFileType = text; path = README.md; sourceTree = "<group>"; };
		C302355A1721DE5400842687 /* UIViewController+M6ParallaxController.h */ = {isa = PBXFileReference; fileEncoding = 4; lastKnownFileType = sourcecode.c.h; path = "UIViewController+M6ParallaxController.h"; sourceTree = "<group>"; };
		C302355B1721DE5400842687 /* UIViewController+M6ParallaxController.m */ = {isa = PBXFileReference; fileEncoding = 4; lastKnownFileType = sourcecode.c.objc; path = "UIViewController+M6ParallaxController.m"; sourceTree = "<group>"; };
		C30235601721DEAF00842687 /* DMRepositoryDetailTableViewController.h */ = {isa = PBXFileReference; fileEncoding = 4; lastKnownFileType = sourcecode.c.h; path = DMRepositoryDetailTableViewController.h; sourceTree = "<group>"; };
		C30235611721DEAF00842687 /* DMRepositoryDetailTableViewController.m */ = {isa = PBXFileReference; fileEncoding = 4; lastKnownFileType = sourcecode.c.objc; path = DMRepositoryDetailTableViewController.m; sourceTree = "<group>"; };
		C30235631721DECE00842687 /* DMParallaxedViewController.h */ = {isa = PBXFileReference; fileEncoding = 4; lastKnownFileType = sourcecode.c.h; path = DMParallaxedViewController.h; sourceTree = "<group>"; };
		C30235641721DECE00842687 /* DMParallaxedViewController.m */ = {isa = PBXFileReference; fileEncoding = 4; lastKnownFileType = sourcecode.c.objc; path = DMParallaxedViewController.m; sourceTree = "<group>"; };
		C30235661721DEE600842687 /* DMParallaxViewController.h */ = {isa = PBXFileReference; fileEncoding = 4; lastKnownFileType = sourcecode.c.h; path = DMParallaxViewController.h; sourceTree = "<group>"; };
		C30235671721DEE600842687 /* DMParallaxViewController.m */ = {isa = PBXFileReference; fileEncoding = 4; lastKnownFileType = sourcecode.c.objc; path = DMParallaxViewController.m; sourceTree = "<group>"; };
		C30235701721E04900842687 /* DMAppDelegate_TODO_List.h */ = {isa = PBXFileReference; lastKnownFileType = sourcecode.c.h; path = DMAppDelegate_TODO_List.h; sourceTree = "<group>"; };
		C30235711722534200842687 /* DMRepositoryDetailTableViewCell.xib */ = {isa = PBXFileReference; fileEncoding = 4; lastKnownFileType = file.xib; name = DMRepositoryDetailTableViewCell.xib; path = ../DMRepositoryDetailTableViewCell.xib; sourceTree = "<group>"; };
		C30235721722534200842687 /* DMRepositoryDetailTableViewCell.h */ = {isa = PBXFileReference; fileEncoding = 4; lastKnownFileType = sourcecode.c.h; name = DMRepositoryDetailTableViewCell.h; path = ../DMRepositoryDetailTableViewCell.h; sourceTree = "<group>"; };
		C30235731722534300842687 /* DMRepositoryDetailTableViewCell.m */ = {isa = PBXFileReference; fileEncoding = 4; lastKnownFileType = sourcecode.c.objc; name = DMRepositoryDetailTableViewCell.m; path = ../DMRepositoryDetailTableViewCell.m; sourceTree = "<group>"; };
		C302357617226B0500842687 /* DMRepositoryDetailViewController.h */ = {isa = PBXFileReference; fileEncoding = 4; lastKnownFileType = sourcecode.c.h; path = DMRepositoryDetailViewController.h; sourceTree = "<group>"; };
		C302357717226B0500842687 /* DMRepositoryDetailViewController.m */ = {isa = PBXFileReference; fileEncoding = 4; lastKnownFileType = sourcecode.c.objc; path = DMRepositoryDetailViewController.m; sourceTree = "<group>"; };
		C302357917226B3B00842687 /* RepositoryDetailView.xib */ = {isa = PBXFileReference; fileEncoding = 4; lastKnownFileType = file.xib; path = RepositoryDetailView.xib; sourceTree = "<group>"; };
		C30FB3C717121D64002D6C69 /* DMCustomLabel.h */ = {isa = PBXFileReference; fileEncoding = 4; lastKnownFileType = sourcecode.c.h; path = DMCustomLabel.h; sourceTree = "<group>"; };
		C30FB3C817121D64002D6C69 /* DMCustomLabel.m */ = {isa = PBXFileReference; fileEncoding = 4; lastKnownFileType = sourcecode.c.objc; path = DMCustomLabel.m; sourceTree = "<group>"; };
		C31B5F41171E3023006199AD /* NotifyCheck.png */ = {isa = PBXFileReference; lastKnownFileType = image.png; path = NotifyCheck.png; sourceTree = "<group>"; };
		C31B5F42171E3023006199AD /* NotifyCheck@2x.png */ = {isa = PBXFileReference; lastKnownFileType = image.png; path = "NotifyCheck@2x.png"; sourceTree = "<group>"; };
		C31B5F43171E3023006199AD /* NotifyX.png */ = {isa = PBXFileReference; lastKnownFileType = image.png; path = NotifyX.png; sourceTree = "<group>"; };
		C31B5F44171E3023006199AD /* NotifyX@2x.png */ = {isa = PBXFileReference; lastKnownFileType = image.png; path = "NotifyX@2x.png"; sourceTree = "<group>"; };
		C31B5F65171E7F63006199AD /* Box.png */ = {isa = PBXFileReference; lastKnownFileType = image.png; path = Box.png; sourceTree = "<group>"; };
		C31B5F66171E7F63006199AD /* lock@2x.png */ = {isa = PBXFileReference; lastKnownFileType = image.png; path = "lock@2x.png"; sourceTree = "<group>"; };
		C31B5F67171E7F63006199AD /* boxWithFork@2x.png */ = {isa = PBXFileReference; lastKnownFileType = image.png; path = "boxWithFork@2x.png"; sourceTree = "<group>"; };
		C31B5F68171E7F63006199AD /* boxWithStar.png */ = {isa = PBXFileReference; lastKnownFileType = image.png; path = boxWithStar.png; sourceTree = "<group>"; };
		C31B5F69171E7F63006199AD /* boxWithStar@2x.png */ = {isa = PBXFileReference; lastKnownFileType = image.png; path = "boxWithStar@2x.png"; sourceTree = "<group>"; };
		C31B5F6A171E7F63006199AD /* boxWithFork.png */ = {isa = PBXFileReference; lastKnownFileType = image.png; path = boxWithFork.png; sourceTree = "<group>"; };
		C31B5F6B171E7F63006199AD /* Box@2x.png */ = {isa = PBXFileReference; lastKnownFileType = image.png; path = "Box@2x.png"; sourceTree = "<group>"; };
		C31B5F6C171E7F63006199AD /* lock.png */ = {isa = PBXFileReference; lastKnownFileType = image.png; path = lock.png; sourceTree = "<group>"; };
		C329908D1712165500176E3A /* Avenir.ttc */ = {isa = PBXFileReference; lastKnownFileType = file; path = Avenir.ttc; sourceTree = "<group>"; };
		C3690FD71718821900E2EBCA /* sL7cyZ5Oa7-2-1.png */ = {isa = PBXFileReference; lastKnownFileType = image.png; path = "sL7cyZ5Oa7-2-1.png"; sourceTree = "<group>"; };
		C3767C9217168E2900BC593B /* DMInitialViewController.h */ = {isa = PBXFileReference; fileEncoding = 4; lastKnownFileType = sourcecode.c.h; path = DMInitialViewController.h; sourceTree = "<group>"; };
		C3767C9317168E2900BC593B /* DMInitialViewController.m */ = {isa = PBXFileReference; fileEncoding = 4; lastKnownFileType = sourcecode.c.objc; path = DMInitialViewController.m; sourceTree = "<group>"; };
		C3767C9517168E7C00BC593B /* DMHomeScreenCollectionViewController.h */ = {isa = PBXFileReference; fileEncoding = 4; lastKnownFileType = sourcecode.c.h; path = DMHomeScreenCollectionViewController.h; sourceTree = "<group>"; };
		C3767C9617168E7C00BC593B /* DMHomeScreenCollectionViewController.m */ = {isa = PBXFileReference; fileEncoding = 4; lastKnownFileType = sourcecode.c.objc; path = DMHomeScreenCollectionViewController.m; sourceTree = "<group>"; };
		C3767C9B17168ECB00BC593B /* DMSettingsTableViewController.h */ = {isa = PBXFileReference; fileEncoding = 4; lastKnownFileType = sourcecode.c.h; path = DMSettingsTableViewController.h; sourceTree = "<group>"; };
		C3767C9C17168ECB00BC593B /* DMSettingsTableViewController.m */ = {isa = PBXFileReference; fileEncoding = 4; lastKnownFileType = sourcecode.c.objc; path = DMSettingsTableViewController.m; sourceTree = "<group>"; };
		C3767C9E17168EEA00BC593B /* InitialStoryboard_iPhone.storyboard */ = {isa = PBXFileReference; fileEncoding = 4; lastKnownFileType = file.storyboard; path = InitialStoryboard_iPhone.storyboard; sourceTree = "<group>"; };
		C3767CA0171696E300BC593B /* DMHomeScreenViewController.h */ = {isa = PBXFileReference; fileEncoding = 4; lastKnownFileType = sourcecode.c.h; path = DMHomeScreenViewController.h; sourceTree = "<group>"; };
		C3767CA1171696E300BC593B /* DMHomeScreenViewController.m */ = {isa = PBXFileReference; fileEncoding = 4; lastKnownFileType = sourcecode.c.objc; path = DMHomeScreenViewController.m; sourceTree = "<group>"; };
		C3767CA3171696FF00BC593B /* HomeScreenView.xib */ = {isa = PBXFileReference; fileEncoding = 4; lastKnownFileType = file.xib; path = HomeScreenView.xib; sourceTree = "<group>"; };
		C3767CA81716994B00BC593B /* DMHomeScreenTableViewController.h */ = {isa = PBXFileReference; fileEncoding = 4; lastKnownFileType = sourcecode.c.h; path = DMHomeScreenTableViewController.h; sourceTree = "<group>"; };
		C3767CA91716994B00BC593B /* DMHomeScreenTableViewController.m */ = {isa = PBXFileReference; fileEncoding = 4; lastKnownFileType = sourcecode.c.objc; path = DMHomeScreenTableViewController.m; sourceTree = "<group>"; };
		C37D72AA171FC66C00AB948C /* DMSearchResultsTableViewController.h */ = {isa = PBXFileReference; fileEncoding = 4; lastKnownFileType = sourcecode.c.h; path = DMSearchResultsTableViewController.h; sourceTree = "<group>"; };
		C37D72AB171FC66C00AB948C /* DMSearchResultsTableViewController.m */ = {isa = PBXFileReference; fileEncoding = 4; lastKnownFileType = sourcecode.c.objc; path = DMSearchResultsTableViewController.m; sourceTree = "<group>"; };
		C37F7028171CB5D3003D385E /* RepositoryStoryboard_iPhone.storyboard */ = {isa = PBXFileReference; fileEncoding = 4; lastKnownFileType = file.storyboard; path = RepositoryStoryboard_iPhone.storyboard; sourceTree = "<group>"; };
		C384C74316EA9FE9009434D5 /* CoreText.framework */ = {isa = PBXFileReference; lastKnownFileType = wrapper.framework; name = CoreText.framework; path = System/Library/Frameworks/CoreText.framework; sourceTree = SDKROOT; };
		C384C74416EA9FE9009434D5 /* QuartzCore.framework */ = {isa = PBXFileReference; lastKnownFileType = wrapper.framework; name = QuartzCore.framework; path = System/Library/Frameworks/QuartzCore.framework; sourceTree = SDKROOT; };
		C384C74716EAA024009434D5 /* aGHC.entitlements */ = {isa = PBXFileReference; lastKnownFileType = text.xml; path = aGHC.entitlements; sourceTree = "<group>"; };
		C384C75016EAA12D009434D5 /* libz.dylib */ = {isa = PBXFileReference; lastKnownFileType = "compiled.mach-o.dylib"; name = libz.dylib; path = usr/lib/libz.dylib; sourceTree = SDKROOT; };
		C384C75216EAA498009434D5 /* SystemConfiguration.framework */ = {isa = PBXFileReference; lastKnownFileType = wrapper.framework; name = SystemConfiguration.framework; path = System/Library/Frameworks/SystemConfiguration.framework; sourceTree = SDKROOT; };
		C384C75416EAA4A9009434D5 /* MobileCoreServices.framework */ = {isa = PBXFileReference; lastKnownFileType = wrapper.framework; name = MobileCoreServices.framework; path = System/Library/Frameworks/MobileCoreServices.framework; sourceTree = SDKROOT; };
		C39840DA16EA9AD100B2ADB1 /* aGHC.app */ = {isa = PBXFileReference; explicitFileType = wrapper.application; includeInIndex = 0; path = aGHC.app; sourceTree = BUILT_PRODUCTS_DIR; };
		C39840DD16EA9AD100B2ADB1 /* UIKit.framework */ = {isa = PBXFileReference; lastKnownFileType = wrapper.framework; name = UIKit.framework; path = System/Library/Frameworks/UIKit.framework; sourceTree = SDKROOT; };
		C39840DF16EA9AD100B2ADB1 /* Foundation.framework */ = {isa = PBXFileReference; lastKnownFileType = wrapper.framework; name = Foundation.framework; path = System/Library/Frameworks/Foundation.framework; sourceTree = SDKROOT; };
		C39840E116EA9AD100B2ADB1 /* CoreGraphics.framework */ = {isa = PBXFileReference; lastKnownFileType = wrapper.framework; name = CoreGraphics.framework; path = System/Library/Frameworks/CoreGraphics.framework; sourceTree = SDKROOT; };
		C39840E516EA9AD100B2ADB1 /* aGHC-Info.plist */ = {isa = PBXFileReference; lastKnownFileType = text.plist.xml; path = "aGHC-Info.plist"; sourceTree = "<group>"; };
		C39840E716EA9AD100B2ADB1 /* en */ = {isa = PBXFileReference; lastKnownFileType = text.plist.strings; name = en; path = en.lproj/InfoPlist.strings; sourceTree = "<group>"; };
		C39840E916EA9AD100B2ADB1 /* main.m */ = {isa = PBXFileReference; lastKnownFileType = sourcecode.c.objc; path = main.m; sourceTree = "<group>"; };
		C39840EB16EA9AD100B2ADB1 /* aGHC-Prefix.pch */ = {isa = PBXFileReference; lastKnownFileType = sourcecode.c.h; path = "aGHC-Prefix.pch"; sourceTree = "<group>"; };
		C39840EC16EA9AD100B2ADB1 /* DMAppDelegate.h */ = {isa = PBXFileReference; lastKnownFileType = sourcecode.c.h; path = DMAppDelegate.h; sourceTree = "<group>"; };
		C39840ED16EA9AD100B2ADB1 /* DMAppDelegate.m */ = {isa = PBXFileReference; lastKnownFileType = sourcecode.c.objc; path = DMAppDelegate.m; sourceTree = "<group>"; };
		C39840EF16EA9AD100B2ADB1 /* Default.png */ = {isa = PBXFileReference; lastKnownFileType = image.png; path = Default.png; sourceTree = "<group>"; };
		C39840F116EA9AD100B2ADB1 /* Default@2x.png */ = {isa = PBXFileReference; lastKnownFileType = image.png; path = "Default@2x.png"; sourceTree = "<group>"; };
		C39840F316EA9AD100B2ADB1 /* Default-568h@2x.png */ = {isa = PBXFileReference; lastKnownFileType = image.png; path = "Default-568h@2x.png"; sourceTree = "<group>"; };
		C39840F616EA9AD100B2ADB1 /* en */ = {isa = PBXFileReference; lastKnownFileType = file.storyboard; name = en; path = en.lproj/MainStoryboard_iPhone.storyboard; sourceTree = "<group>"; };
		C39840FB16EA9AD100B2ADB1 /* DMViewController.h */ = {isa = PBXFileReference; lastKnownFileType = sourcecode.c.h; path = DMViewController.h; sourceTree = "<group>"; };
		C39840FC16EA9AD100B2ADB1 /* DMViewController.m */ = {isa = PBXFileReference; lastKnownFileType = sourcecode.c.objc; path = DMViewController.m; sourceTree = "<group>"; };
		C3A8EB7B171F02E3001C85DD /* SearchStoryboard_iPhone.storyboard */ = {isa = PBXFileReference; fileEncoding = 4; lastKnownFileType = file.storyboard; path = SearchStoryboard_iPhone.storyboard; sourceTree = "<group>"; };
		C3A8EB7D171F0332001C85DD /* DMSearchResultsViewController.h */ = {isa = PBXFileReference; fileEncoding = 4; lastKnownFileType = sourcecode.c.h; path = DMSearchResultsViewController.h; sourceTree = "<group>"; };
		C3A8EB7E171F0332001C85DD /* DMSearchResultsViewController.m */ = {isa = PBXFileReference; fileEncoding = 4; lastKnownFileType = sourcecode.c.objc; path = DMSearchResultsViewController.m; sourceTree = "<group>"; };
		C3A8EB80171F048C001C85DD /* ExploreStoryboard_iPhone.storyboard */ = {isa = PBXFileReference; fileEncoding = 4; lastKnownFileType = file.storyboard; path = ExploreStoryboard_iPhone.storyboard; sourceTree = "<group>"; };
		C3A8EB82171F04CA001C85DD /* DMExploreTableViewController.h */ = {isa = PBXFileReference; fileEncoding = 4; lastKnownFileType = sourcecode.c.h; path = DMExploreTableViewController.h; sourceTree = "<group>"; };
		C3A8EB83171F04CA001C85DD /* DMExploreTableViewController.m */ = {isa = PBXFileReference; fileEncoding = 4; lastKnownFileType = sourcecode.c.objc; path = DMExploreTableViewController.m; sourceTree = "<group>"; };
		C3AB55D0171CB16600D992C2 /* DMRepositoryViewController.h */ = {isa = PBXFileReference; fileEncoding = 4; lastKnownFileType = sourcecode.c.h; path = DMRepositoryViewController.h; sourceTree = "<group>"; };
		C3AB55D1171CB16600D992C2 /* DMRepositoryViewController.m */ = {isa = PBXFileReference; fileEncoding = 4; lastKnownFileType = sourcecode.c.objc; path = DMRepositoryViewController.m; sourceTree = "<group>"; };
		C3DAEC2C16EC06BE00C51F73 /* DMRepositoryTableViewCell.h */ = {isa = PBXFileReference; fileEncoding = 4; lastKnownFileType = sourcecode.c.h; path = DMRepositoryTableViewCell.h; sourceTree = "<group>"; };
		C3DAEC2D16EC06BE00C51F73 /* DMRepositoryTableViewCell.m */ = {isa = PBXFileReference; fileEncoding = 4; lastKnownFileType = sourcecode.c.objc; path = DMRepositoryTableViewCell.m; sourceTree = "<group>"; };
		C3DAEC2E16EC06BE00C51F73 /* RepositoryTableViewCell.xib */ = {isa = PBXFileReference; fileEncoding = 4; lastKnownFileType = file.xib; path = RepositoryTableViewCell.xib; sourceTree = "<group>"; };
		C3ED621716EC6FA700311A72 /* aGHCConstants.h */ = {isa = PBXFileReference; lastKnownFileType = sourcecode.c.h; path = aGHCConstants.h; sourceTree = "<group>"; };
		C3ED621816EC702000311A72 /* Security.framework */ = {isa = PBXFileReference; lastKnownFileType = wrapper.framework; name = Security.framework; path = System/Library/Frameworks/Security.framework; sourceTree = SDKROOT; };
		C3ED621A16EC702B00311A72 /* CFNetwork.framework */ = {isa = PBXFileReference; lastKnownFileType = wrapper.framework; name = CFNetwork.framework; path = System/Library/Frameworks/CFNetwork.framework; sourceTree = SDKROOT; };
		C3ED621C16EC703B00311A72 /* MessageUI.framework */ = {isa = PBXFileReference; lastKnownFileType = wrapper.framework; name = MessageUI.framework; path = System/Library/Frameworks/MessageUI.framework; sourceTree = SDKROOT; };
		C3ED621E16EC765F00311A72 /* DMAccountViewController.h */ = {isa = PBXFileReference; fileEncoding = 4; lastKnownFileType = sourcecode.c.h; path = DMAccountViewController.h; sourceTree = "<group>"; };
		C3ED621F16EC765F00311A72 /* DMAccountViewController.m */ = {isa = PBXFileReference; fileEncoding = 4; lastKnownFileType = sourcecode.c.objc; path = DMAccountViewController.m; sourceTree = "<group>"; };
/* End PBXFileReference section */

/* Begin PBXFrameworksBuildPhase section */
		C39840D716EA9AD100B2ADB1 /* Frameworks */ = {
			isa = PBXFrameworksBuildPhase;
			buildActionMask = 2147483647;
			files = (
				C3ED621D16EC703B00311A72 /* MessageUI.framework in Frameworks */,
				C3ED621B16EC702B00311A72 /* CFNetwork.framework in Frameworks */,
				C3ED621916EC702000311A72 /* Security.framework in Frameworks */,
				C384C75516EAA4A9009434D5 /* MobileCoreServices.framework in Frameworks */,
				C384C75316EAA498009434D5 /* SystemConfiguration.framework in Frameworks */,
				C384C75116EAA12D009434D5 /* libz.dylib in Frameworks */,
				C384C74516EA9FE9009434D5 /* CoreText.framework in Frameworks */,
				C384C74616EA9FE9009434D5 /* QuartzCore.framework in Frameworks */,
				C39840E216EA9AD100B2ADB1 /* CoreGraphics.framework in Frameworks */,
				C39840DE16EA9AD100B2ADB1 /* UIKit.framework in Frameworks */,
				C39840E016EA9AD100B2ADB1 /* Foundation.framework in Frameworks */,
				C241698F525B426D927F446D /* libPods.a in Frameworks */,
			);
			runOnlyForDeploymentPostprocessing = 0;
		};
/* End PBXFrameworksBuildPhase section */

/* Begin PBXGroup section */
		C30235551721DE4300842687 /* M6ParallaxController */ = {
			isa = PBXGroup;
			children = (
				C30235561721DE5400842687 /* LICENSE.md */,
				C30235571721DE5400842687 /* M6ParallaxController.h */,
				C30235581721DE5400842687 /* M6ParallaxController.m */,
				C30235591721DE5400842687 /* README.md */,
				C302355A1721DE5400842687 /* UIViewController+M6ParallaxController.h */,
				C302355B1721DE5400842687 /* UIViewController+M6ParallaxController.m */,
			);
			name = M6ParallaxController;
			sourceTree = "<group>";
		};
		C30235691721DEEB00842687 /* Repository Detail View */ = {
			isa = PBXGroup;
			children = (
				C302357617226B0500842687 /* DMRepositoryDetailViewController.h */,
				C302357717226B0500842687 /* DMRepositoryDetailViewController.m */,
				C30235601721DEAF00842687 /* DMRepositoryDetailTableViewController.h */,
				C30235611721DEAF00842687 /* DMRepositoryDetailTableViewController.m */,
				C30235631721DECE00842687 /* DMParallaxedViewController.h */,
				C30235641721DECE00842687 /* DMParallaxedViewController.m */,
				C30235661721DEE600842687 /* DMParallaxViewController.h */,
				C30235671721DEE600842687 /* DMParallaxViewController.m */,
			);
			name = "Repository Detail View";
			sourceTree = "<group>";
		};
		C302356A1721DF0700842687 /* Explore */ = {
			isa = PBXGroup;
			children = (
				C3A8EB82171F04CA001C85DD /* DMExploreTableViewController.h */,
				C3A8EB83171F04CA001C85DD /* DMExploreTableViewController.m */,
			);
			name = Explore;
			sourceTree = "<group>";
		};
		C302356B1721DF1500842687 /* Search */ = {
			isa = PBXGroup;
			children = (
				C3A8EB7D171F0332001C85DD /* DMSearchResultsViewController.h */,
				C3A8EB7E171F0332001C85DD /* DMSearchResultsViewController.m */,
				C37D72AA171FC66C00AB948C /* DMSearchResultsTableViewController.h */,
				C37D72AB171FC66C00AB948C /* DMSearchResultsTableViewController.m */,
			);
			name = Search;
			sourceTree = "<group>";
		};
		C302356C1721DF3300842687 /* My Repositories */ = {
			isa = PBXGroup;
			children = (
				C3AB55D0171CB16600D992C2 /* DMRepositoryViewController.h */,
				C3AB55D1171CB16600D992C2 /* DMRepositoryViewController.m */,
			);
			name = "My Repositories";
			sourceTree = "<group>";
		};
		C302356D1721DF3E00842687 /* Home Screen */ = {
			isa = PBXGroup;
			children = (
				C3767C9517168E7C00BC593B /* DMHomeScreenCollectionViewController.h */,
				C3767C9617168E7C00BC593B /* DMHomeScreenCollectionViewController.m */,
				C3767CA0171696E300BC593B /* DMHomeScreenViewController.h */,
				C3767CA1171696E300BC593B /* DMHomeScreenViewController.m */,
				C3767CA81716994B00BC593B /* DMHomeScreenTableViewController.h */,
				C3767CA91716994B00BC593B /* DMHomeScreenTableViewController.m */,
			);
			name = "Home Screen";
			sourceTree = "<group>";
		};
		C302356E1721DF4500842687 /* Settings */ = {
			isa = PBXGroup;
			children = (
				C3ED621E16EC765F00311A72 /* DMAccountViewController.h */,
				C3ED621F16EC765F00311A72 /* DMAccountViewController.m */,
				C3767C9B17168ECB00BC593B /* DMSettingsTableViewController.h */,
				C3767C9C17168ECB00BC593B /* DMSettingsTableViewController.m */,
			);
			name = Settings;
			sourceTree = "<group>";
		};
		C302356F1721DF4F00842687 /* Initial View Controller */ = {
			isa = PBXGroup;
			children = (
				C3767C9217168E2900BC593B /* DMInitialViewController.h */,
				C3767C9317168E2900BC593B /* DMInitialViewController.m */,
			);
			name = "Initial View Controller";
			sourceTree = "<group>";
		};
		C3690FD91718821C00E2EBCA /* Images */ = {
			isa = PBXGroup;
			children = (
				C31B5F65171E7F63006199AD /* Box.png */,
				C31B5F66171E7F63006199AD /* lock@2x.png */,
				C31B5F67171E7F63006199AD /* boxWithFork@2x.png */,
				C31B5F68171E7F63006199AD /* boxWithStar.png */,
				C31B5F69171E7F63006199AD /* boxWithStar@2x.png */,
				C31B5F6A171E7F63006199AD /* boxWithFork.png */,
				C31B5F6B171E7F63006199AD /* Box@2x.png */,
				C31B5F6C171E7F63006199AD /* lock.png */,
				C3690FD71718821900E2EBCA /* sL7cyZ5Oa7-2-1.png */,
				C31B5F41171E3023006199AD /* NotifyCheck.png */,
				C31B5F42171E3023006199AD /* NotifyCheck@2x.png */,
				C31B5F43171E3023006199AD /* NotifyX.png */,
				C31B5F44171E3023006199AD /* NotifyX@2x.png */,
			);
			name = Images;
			sourceTree = "<group>";
		};
		C3767C8D1716895600BC593B /* StoryBoards */ = {
			isa = PBXGroup;
			children = (
				C3767C9E17168EEA00BC593B /* InitialStoryboard_iPhone.storyboard */,
				C39840F516EA9AD100B2ADB1 /* MainStoryboard_iPhone.storyboard */,
				C37F7028171CB5D3003D385E /* RepositoryStoryboard_iPhone.storyboard */,
				C3A8EB7B171F02E3001C85DD /* SearchStoryboard_iPhone.storyboard */,
				C3A8EB80171F048C001C85DD /* ExploreStoryboard_iPhone.storyboard */,
				C30235531721DD4300842687 /* RepositoryViewStoryboard_iPhone.storyboard */,
			);
			name = StoryBoards;
			sourceTree = "<group>";
		};
		C3767C9117168E0800BC593B /* ViewControllers */ = {
			isa = PBXGroup;
			children = (
				C302356F1721DF4F00842687 /* Initial View Controller */,
				C302356E1721DF4500842687 /* Settings */,
				C302356D1721DF3E00842687 /* Home Screen */,
				C302356C1721DF3300842687 /* My Repositories */,
				C302356B1721DF1500842687 /* Search */,
				C302356A1721DF0700842687 /* Explore */,
				C30235691721DEEB00842687 /* Repository Detail View */,
			);
			name = ViewControllers;
			sourceTree = "<group>";
		};
		C39840D116EA9AD100B2ADB1 = {
			isa = PBXGroup;
			children = (
				C30235701721E04900842687 /* DMAppDelegate_TODO_List.h */,
				C39840E316EA9AD100B2ADB1 /* aGHC */,
				C39840DC16EA9AD100B2ADB1 /* Frameworks */,
				C39840DB16EA9AD100B2ADB1 /* Products */,
				48E35ED2D5A14F259D4DD291 /* Pods.xcconfig */,
			);
			sourceTree = "<group>";
		};
		C39840DB16EA9AD100B2ADB1 /* Products */ = {
			isa = PBXGroup;
			children = (
				C39840DA16EA9AD100B2ADB1 /* aGHC.app */,
			);
			name = Products;
			sourceTree = "<group>";
		};
		C39840DC16EA9AD100B2ADB1 /* Frameworks */ = {
			isa = PBXGroup;
			children = (
				C3ED621C16EC703B00311A72 /* MessageUI.framework */,
				C3ED621A16EC702B00311A72 /* CFNetwork.framework */,
				C3ED621816EC702000311A72 /* Security.framework */,
				C384C75416EAA4A9009434D5 /* MobileCoreServices.framework */,
				C384C75216EAA498009434D5 /* SystemConfiguration.framework */,
				C384C75016EAA12D009434D5 /* libz.dylib */,
				C384C74316EA9FE9009434D5 /* CoreText.framework */,
				C384C74416EA9FE9009434D5 /* QuartzCore.framework */,
				C39840DD16EA9AD100B2ADB1 /* UIKit.framework */,
				C39840DF16EA9AD100B2ADB1 /* Foundation.framework */,
				C39840E116EA9AD100B2ADB1 /* CoreGraphics.framework */,
				46FCC8B0DAE24806B36D18EB /* libPods.a */,
			);
			name = Frameworks;
			sourceTree = "<group>";
		};
		C39840E316EA9AD100B2ADB1 /* aGHC */ = {
			isa = PBXGroup;
			children = (
				C30235551721DE4300842687 /* M6ParallaxController */,
				C3690FD91718821C00E2EBCA /* Images */,
				C39840EC16EA9AD100B2ADB1 /* DMAppDelegate.h */,
				C39840ED16EA9AD100B2ADB1 /* DMAppDelegate.m */,
				C39840FB16EA9AD100B2ADB1 /* DMViewController.h */,
				C39840FC16EA9AD100B2ADB1 /* DMViewController.m */,
				C3767C9117168E0800BC593B /* ViewControllers */,
				C3767C8D1716895600BC593B /* StoryBoards */,
				C3DAEC3116EC06C100C51F73 /* XIBs & Classes */,
				C39840E416EA9AD100B2ADB1 /* Supporting Files */,
			);
			path = aGHC;
			sourceTree = "<group>";
		};
		C39840E416EA9AD100B2ADB1 /* Supporting Files */ = {
			isa = PBXGroup;
			children = (
				C329908D1712165500176E3A /* Avenir.ttc */,
				C3ED621716EC6FA700311A72 /* aGHCConstants.h */,
				C384C74716EAA024009434D5 /* aGHC.entitlements */,
				C39840E516EA9AD100B2ADB1 /* aGHC-Info.plist */,
				C39840E616EA9AD100B2ADB1 /* InfoPlist.strings */,
				C39840E916EA9AD100B2ADB1 /* main.m */,
				C39840EB16EA9AD100B2ADB1 /* aGHC-Prefix.pch */,
				C39840EF16EA9AD100B2ADB1 /* Default.png */,
				C39840F116EA9AD100B2ADB1 /* Default@2x.png */,
				C39840F316EA9AD100B2ADB1 /* Default-568h@2x.png */,
			);
			name = "Supporting Files";
			sourceTree = "<group>";
		};
		C3DAEC3116EC06C100C51F73 /* XIBs & Classes */ = {
			isa = PBXGroup;
			children = (
				C30235711722534200842687 /* DMRepositoryDetailTableViewCell.xib */,
				C30235721722534200842687 /* DMRepositoryDetailTableViewCell.h */,
				C30235731722534300842687 /* DMRepositoryDetailTableViewCell.m */,
				C30FB3C717121D64002D6C69 /* DMCustomLabel.h */,
				C30FB3C817121D64002D6C69 /* DMCustomLabel.m */,
				C3DAEC2C16EC06BE00C51F73 /* DMRepositoryTableViewCell.h */,
				C3DAEC2D16EC06BE00C51F73 /* DMRepositoryTableViewCell.m */,
				C3DAEC2E16EC06BE00C51F73 /* RepositoryTableViewCell.xib */,
				C3767CA3171696FF00BC593B /* HomeScreenView.xib */,
				C302357917226B3B00842687 /* RepositoryDetailView.xib */,
			);
			name = "XIBs & Classes";
			sourceTree = "<group>";
		};
/* End PBXGroup section */

/* Begin PBXNativeTarget section */
		C39840D916EA9AD100B2ADB1 /* aGHC */ = {
			isa = PBXNativeTarget;
			buildConfigurationList = C398410016EA9AD100B2ADB1 /* Build configuration list for PBXNativeTarget "aGHC" */;
			buildPhases = (
				C39840D616EA9AD100B2ADB1 /* Sources */,
				C39840D716EA9AD100B2ADB1 /* Frameworks */,
				C39840D816EA9AD100B2ADB1 /* Resources */,
				9E0FAD16157F4871976BA754 /* Copy Pods Resources */,
			);
			buildRules = (
			);
			dependencies = (
			);
			name = aGHC;
			productName = aGHC;
			productReference = C39840DA16EA9AD100B2ADB1 /* aGHC.app */;
			productType = "com.apple.product-type.application";
		};
/* End PBXNativeTarget section */

/* Begin PBXProject section */
		C39840D216EA9AD100B2ADB1 /* Project object */ = {
			isa = PBXProject;
			attributes = {
				CLASSPREFIX = DM;
				LastUpgradeCheck = 0460;
				ORGANIZATIONNAME = "Daniel Miedema";
			};
			buildConfigurationList = C39840D516EA9AD100B2ADB1 /* Build configuration list for PBXProject "aGHC" */;
			compatibilityVersion = "Xcode 3.2";
			developmentRegion = English;
			hasScannedForEncodings = 0;
			knownRegions = (
				en,
			);
			mainGroup = C39840D116EA9AD100B2ADB1;
			productRefGroup = C39840DB16EA9AD100B2ADB1 /* Products */;
			projectDirPath = "";
			projectRoot = "";
			targets = (
				C39840D916EA9AD100B2ADB1 /* aGHC */,
			);
		};
/* End PBXProject section */

/* Begin PBXResourcesBuildPhase section */
		C39840D816EA9AD100B2ADB1 /* Resources */ = {
			isa = PBXResourcesBuildPhase;
			buildActionMask = 2147483647;
			files = (
				C39840E816EA9AD100B2ADB1 /* InfoPlist.strings in Resources */,
				C39840F016EA9AD100B2ADB1 /* Default.png in Resources */,
				C39840F216EA9AD100B2ADB1 /* Default@2x.png in Resources */,
				C39840F416EA9AD100B2ADB1 /* Default-568h@2x.png in Resources */,
				C39840F716EA9AD100B2ADB1 /* MainStoryboard_iPhone.storyboard in Resources */,
				C3DAEC3016EC06BE00C51F73 /* RepositoryTableViewCell.xib in Resources */,
				C329908E1712165500176E3A /* Avenir.ttc in Resources */,
				C3767C9F17168EEA00BC593B /* InitialStoryboard_iPhone.storyboard in Resources */,
				C3767CA4171696FF00BC593B /* HomeScreenView.xib in Resources */,
				C3690FD81718821900E2EBCA /* sL7cyZ5Oa7-2-1.png in Resources */,
				C37F7029171CB5D3003D385E /* RepositoryStoryboard_iPhone.storyboard in Resources */,
				C31B5F45171E3023006199AD /* NotifyCheck.png in Resources */,
				C31B5F46171E3023006199AD /* NotifyCheck@2x.png in Resources */,
				C31B5F47171E3023006199AD /* NotifyX.png in Resources */,
				C31B5F48171E3023006199AD /* NotifyX@2x.png in Resources */,
				C31B5F6D171E7F63006199AD /* Box.png in Resources */,
				C31B5F6E171E7F63006199AD /* lock@2x.png in Resources */,
				C31B5F6F171E7F63006199AD /* boxWithFork@2x.png in Resources */,
				C31B5F70171E7F63006199AD /* boxWithStar.png in Resources */,
				C31B5F71171E7F63006199AD /* boxWithStar@2x.png in Resources */,
				C31B5F72171E7F63006199AD /* boxWithFork.png in Resources */,
				C31B5F73171E7F63006199AD /* Box@2x.png in Resources */,
				C31B5F74171E7F63006199AD /* lock.png in Resources */,
				C3A8EB7C171F02E3001C85DD /* SearchStoryboard_iPhone.storyboard in Resources */,
				C3A8EB81171F048C001C85DD /* ExploreStoryboard_iPhone.storyboard in Resources */,
				C30235541721DD4300842687 /* RepositoryViewStoryboard_iPhone.storyboard in Resources */,
				C302355C1721DE5400842687 /* LICENSE.md in Resources */,
				C302355E1721DE5400842687 /* README.md in Resources */,
				C30235741722534300842687 /* DMRepositoryDetailTableViewCell.xib in Resources */,
				C302357A17226B3B00842687 /* RepositoryDetailView.xib in Resources */,
			);
			runOnlyForDeploymentPostprocessing = 0;
		};
/* End PBXResourcesBuildPhase section */

/* Begin PBXShellScriptBuildPhase section */
		9E0FAD16157F4871976BA754 /* Copy Pods Resources */ = {
			isa = PBXShellScriptBuildPhase;
			buildActionMask = 2147483647;
			files = (
			);
			inputPaths = (
			);
			name = "Copy Pods Resources";
			outputPaths = (
			);
			runOnlyForDeploymentPostprocessing = 0;
			shellPath = /bin/sh;
			shellScript = "\"${SRCROOT}/Pods/Pods-resources.sh\"\n";
		};
/* End PBXShellScriptBuildPhase section */

/* Begin PBXSourcesBuildPhase section */
		C39840D616EA9AD100B2ADB1 /* Sources */ = {
			isa = PBXSourcesBuildPhase;
			buildActionMask = 2147483647;
			files = (
				C39840EA16EA9AD100B2ADB1 /* main.m in Sources */,
				C39840EE16EA9AD100B2ADB1 /* DMAppDelegate.m in Sources */,
				C39840FD16EA9AD100B2ADB1 /* DMViewController.m in Sources */,
				C3DAEC2F16EC06BE00C51F73 /* DMRepositoryTableViewCell.m in Sources */,
				C3ED622016EC765F00311A72 /* DMAccountViewController.m in Sources */,
				C30FB3C917121D64002D6C69 /* DMCustomLabel.m in Sources */,
				C3767C9417168E2900BC593B /* DMInitialViewController.m in Sources */,
				C3767C9717168E7C00BC593B /* DMHomeScreenCollectionViewController.m in Sources */,
				C3767C9D17168ECB00BC593B /* DMSettingsTableViewController.m in Sources */,
				C3767CA2171696E300BC593B /* DMHomeScreenViewController.m in Sources */,
				C3767CAA1716994B00BC593B /* DMHomeScreenTableViewController.m in Sources */,
				C3AB55D2171CB16600D992C2 /* DMRepositoryViewController.m in Sources */,
				C3A8EB7F171F0332001C85DD /* DMSearchResultsViewController.m in Sources */,
				C3A8EB84171F04CA001C85DD /* DMExploreTableViewController.m in Sources */,
				C37D72AC171FC66C00AB948C /* DMSearchResultsTableViewController.m in Sources */,
				C302355D1721DE5400842687 /* M6ParallaxController.m in Sources */,
				C302355F1721DE5400842687 /* UIViewController+M6ParallaxController.m in Sources */,
				C30235621721DEAF00842687 /* DMRepositoryDetailTableViewController.m in Sources */,
				C30235651721DECE00842687 /* DMParallaxedViewController.m in Sources */,
				C30235681721DEE600842687 /* DMParallaxViewController.m in Sources */,
				C30235751722534300842687 /* DMRepositoryDetailTableViewCell.m in Sources */,
				C302357817226B0500842687 /* DMRepositoryDetailViewController.m in Sources */,
			);
			runOnlyForDeploymentPostprocessing = 0;
		};
/* End PBXSourcesBuildPhase section */

/* Begin PBXVariantGroup section */
		C39840E616EA9AD100B2ADB1 /* InfoPlist.strings */ = {
			isa = PBXVariantGroup;
			children = (
				C39840E716EA9AD100B2ADB1 /* en */,
			);
			name = InfoPlist.strings;
			sourceTree = "<group>";
		};
		C39840F516EA9AD100B2ADB1 /* MainStoryboard_iPhone.storyboard */ = {
			isa = PBXVariantGroup;
			children = (
				C39840F616EA9AD100B2ADB1 /* en */,
			);
			name = MainStoryboard_iPhone.storyboard;
			sourceTree = "<group>";
		};
/* End PBXVariantGroup section */

/* Begin XCBuildConfiguration section */
		C39840FE16EA9AD100B2ADB1 /* Debug */ = {
			isa = XCBuildConfiguration;
			buildSettings = {
				ALWAYS_SEARCH_USER_PATHS = NO;
				CLANG_CXX_LANGUAGE_STANDARD = "gnu++0x";
				CLANG_CXX_LIBRARY = "libc++";
				CLANG_ENABLE_OBJC_ARC = YES;
				CLANG_WARN_CONSTANT_CONVERSION = YES;
				CLANG_WARN_EMPTY_BODY = YES;
				CLANG_WARN_ENUM_CONVERSION = YES;
				CLANG_WARN_INT_CONVERSION = YES;
				CLANG_WARN__DUPLICATE_METHOD_MATCH = YES;
				"CODE_SIGN_IDENTITY[sdk=iphoneos*]" = "iPhone Developer";
				COPY_PHASE_STRIP = NO;
				GCC_C_LANGUAGE_STANDARD = gnu99;
				GCC_DYNAMIC_NO_PIC = NO;
				GCC_OPTIMIZATION_LEVEL = 0;
				GCC_PREPROCESSOR_DEFINITIONS = (
					"DEBUG=1",
					"$(inherited)",
				);
				GCC_SYMBOLS_PRIVATE_EXTERN = NO;
				GCC_WARN_ABOUT_RETURN_TYPE = YES;
				GCC_WARN_UNINITIALIZED_AUTOS = YES;
				GCC_WARN_UNUSED_VARIABLE = YES;
				IPHONEOS_DEPLOYMENT_TARGET = 6.1;
				ONLY_ACTIVE_ARCH = YES;
				SDKROOT = iphoneos;
				TARGETED_DEVICE_FAMILY = "1,2";
			};
			name = Debug;
		};
		C39840FF16EA9AD100B2ADB1 /* Release */ = {
			isa = XCBuildConfiguration;
			buildSettings = {
				ALWAYS_SEARCH_USER_PATHS = NO;
				CLANG_CXX_LANGUAGE_STANDARD = "gnu++0x";
				CLANG_CXX_LIBRARY = "libc++";
				CLANG_ENABLE_OBJC_ARC = YES;
				CLANG_WARN_CONSTANT_CONVERSION = YES;
				CLANG_WARN_EMPTY_BODY = YES;
				CLANG_WARN_ENUM_CONVERSION = YES;
				CLANG_WARN_INT_CONVERSION = YES;
				CLANG_WARN__DUPLICATE_METHOD_MATCH = YES;
				"CODE_SIGN_IDENTITY[sdk=iphoneos*]" = "iPhone Developer";
				COPY_PHASE_STRIP = YES;
				GCC_C_LANGUAGE_STANDARD = gnu99;
				GCC_WARN_ABOUT_RETURN_TYPE = YES;
				GCC_WARN_UNINITIALIZED_AUTOS = YES;
				GCC_WARN_UNUSED_VARIABLE = YES;
				IPHONEOS_DEPLOYMENT_TARGET = 6.1;
				OTHER_CFLAGS = "-DNS_BLOCK_ASSERTIONS=1";
				SDKROOT = iphoneos;
				TARGETED_DEVICE_FAMILY = "1,2";
				VALIDATE_PRODUCT = YES;
			};
			name = Release;
		};
		C398410116EA9AD100B2ADB1 /* Debug */ = {
			isa = XCBuildConfiguration;
			baseConfigurationReference = 48E35ED2D5A14F259D4DD291 /* Pods.xcconfig */;
			buildSettings = {
				CODE_SIGN_ENTITLEMENTS = aGHC/aGHC.entitlements;
				CODE_SIGN_IDENTITY = "iPhone Developer";
				"CODE_SIGN_IDENTITY[sdk=iphoneos*]" = "iPhone Developer";
				GCC_PRECOMPILE_PREFIX_HEADER = YES;
				GCC_PREFIX_HEADER = "aGHC/aGHC-Prefix.pch";
				INFOPLIST_FILE = "aGHC/aGHC-Info.plist";
				LIBRARY_SEARCH_PATHS = (
					"$(inherited)",
					"\"$(SRCROOT)/TestFlightSDK1.2\"",
				);
				PRODUCT_NAME = "$(TARGET_NAME)";
				PROVISIONING_PROFILE = "";
				"PROVISIONING_PROFILE[sdk=iphoneos*]" = "";
				WRAPPER_EXTENSION = app;
			};
			name = Debug;
		};
		C398410216EA9AD100B2ADB1 /* Release */ = {
			isa = XCBuildConfiguration;
			baseConfigurationReference = 48E35ED2D5A14F259D4DD291 /* Pods.xcconfig */;
			buildSettings = {
				CODE_SIGN_ENTITLEMENTS = aGHC/aGHC.entitlements;
				CODE_SIGN_IDENTITY = "iPhone Developer";
				"CODE_SIGN_IDENTITY[sdk=iphoneos*]" = "iPhone Developer";
				GCC_PRECOMPILE_PREFIX_HEADER = YES;
				GCC_PREFIX_HEADER = "aGHC/aGHC-Prefix.pch";
				INFOPLIST_FILE = "aGHC/aGHC-Info.plist";
				LIBRARY_SEARCH_PATHS = (
					"$(inherited)",
					"\"$(SRCROOT)/TestFlightSDK1.2\"",
				);
				PRODUCT_NAME = "$(TARGET_NAME)";
				PROVISIONING_PROFILE = "";
				"PROVISIONING_PROFILE[sdk=iphoneos*]" = "";
				WRAPPER_EXTENSION = app;
			};
			name = Release;
		};
/* End XCBuildConfiguration section */

/* Begin XCConfigurationList section */
		C39840D516EA9AD100B2ADB1 /* Build configuration list for PBXProject "aGHC" */ = {
			isa = XCConfigurationList;
			buildConfigurations = (
				C39840FE16EA9AD100B2ADB1 /* Debug */,
				C39840FF16EA9AD100B2ADB1 /* Release */,
			);
			defaultConfigurationIsVisible = 0;
			defaultConfigurationName = Release;
		};
		C398410016EA9AD100B2ADB1 /* Build configuration list for PBXNativeTarget "aGHC" */ = {
			isa = XCConfigurationList;
			buildConfigurations = (
				C398410116EA9AD100B2ADB1 /* Debug */,
				C398410216EA9AD100B2ADB1 /* Release */,
			);
			defaultConfigurationIsVisible = 0;
			defaultConfigurationName = Release;
		};
/* End XCConfigurationList section */
	};
	rootObject = C39840D216EA9AD100B2ADB1 /* Project object */;
}
