// !$*UTF8*$!
{
	archiveVersion = 1;
	classes = {
	};
	objectVersion = 46;
	objects = {

/* Begin PBXBuildFile section */
		C241698F525B426D927F446D /* libPods.a in Frameworks */ = {isa = PBXBuildFile; fileRef = 46FCC8B0DAE24806B36D18EB /* libPods.a */; };
		C30235541721DD4300842687 /* RepositoryViewStoryboard_iPhone.storyboard in Resources */ = {isa = PBXBuildFile; fileRef = C30235531721DD4300842687 /* RepositoryViewStoryboard_iPhone.storyboard */; };
		C30235621721DEAF00842687 /* DMRepositoryDetailTableViewController.m in Sources */ = {isa = PBXBuildFile; fileRef = C30235611721DEAF00842687 /* DMRepositoryDetailTableViewController.m */; };
		C30235741722534300842687 /* DMRepositoryDetailTableViewCell.xib in Resources */ = {isa = PBXBuildFile; fileRef = C30235711722534200842687 /* DMRepositoryDetailTableViewCell.xib */; };
		C30235751722534300842687 /* DMRepositoryDetailTableViewCell.m in Sources */ = {isa = PBXBuildFile; fileRef = C30235731722534300842687 /* DMRepositoryDetailTableViewCell.m */; };
		C302357817226B0500842687 /* DMRepositoryDetailViewController.m in Sources */ = {isa = PBXBuildFile; fileRef = C302357717226B0500842687 /* DMRepositoryDetailViewController.m */; };
		C302357A17226B3B00842687 /* RepositoryDetailView.xib in Resources */ = {isa = PBXBuildFile; fileRef = C302357917226B3B00842687 /* RepositoryDetailView.xib */; };
		C3083CBF174B43BE00F62A1F /* DMNotificationsTableViewController.m in Sources */ = {isa = PBXBuildFile; fileRef = C3083CBE174B43BE00F62A1F /* DMNotificationsTableViewController.m */; };
		C3083CC1174B43F200F62A1F /* NotificationsStoryboard_iPhone.storyboard in Resources */ = {isa = PBXBuildFile; fileRef = C3083CC0174B43F200F62A1F /* NotificationsStoryboard_iPhone.storyboard */; };
		C3083CC3174B440200F62A1F /* GistsStoryboard_iPhone.storyboard in Resources */ = {isa = PBXBuildFile; fileRef = C3083CC2174B440200F62A1F /* GistsStoryboard_iPhone.storyboard */; };
		C3083CC5174B442500F62A1F /* NewsFeedStoryboard_iPhone.storyboard in Resources */ = {isa = PBXBuildFile; fileRef = C3083CC4174B442500F62A1F /* NewsFeedStoryboard_iPhone.storyboard */; };
		C3083CC9174B478E00F62A1F /* DMGistExploreTableViewController.m in Sources */ = {isa = PBXBuildFile; fileRef = C3083CC8174B478E00F62A1F /* DMGistExploreTableViewController.m */; };
		C30FB3C917121D64002D6C69 /* DMCustomLabel.m in Sources */ = {isa = PBXBuildFile; fileRef = C30FB3C817121D64002D6C69 /* DMCustomLabel.m */; };
		C329908E1712165500176E3A /* Avenir.ttc in Resources */ = {isa = PBXBuildFile; fileRef = C329908D1712165500176E3A /* Avenir.ttc */; };
		C34A007F17469D0D00828A92 /* DMRepositoryCommitsTableViewController.m in Sources */ = {isa = PBXBuildFile; fileRef = C34A007E17469D0D00828A92 /* DMRepositoryCommitsTableViewController.m */; };
		C34A013C17488A7E00828A92 /* aGHC-Icon.png in Resources */ = {isa = PBXBuildFile; fileRef = C34A00E217488A5300828A92 /* aGHC-Icon.png */; };
		C34A013D17488A7E00828A92 /* Box.png in Resources */ = {isa = PBXBuildFile; fileRef = C34A00E317488A5300828A92 /* Box.png */; };
		C34A013F17488A7E00828A92 /* Box@2x.png in Resources */ = {isa = PBXBuildFile; fileRef = C34A00E517488A5300828A92 /* Box@2x.png */; };
		C34A014117488A7E00828A92 /* boxWithFork.png in Resources */ = {isa = PBXBuildFile; fileRef = C34A00E717488A5300828A92 /* boxWithFork.png */; };
		C34A014317488A7E00828A92 /* boxWithFork@2x.png in Resources */ = {isa = PBXBuildFile; fileRef = C34A00E917488A5300828A92 /* boxWithFork@2x.png */; };
		C34A014517488A7E00828A92 /* boxWithStar.png in Resources */ = {isa = PBXBuildFile; fileRef = C34A00EB17488A5400828A92 /* boxWithStar.png */; };
		C34A014717488A7E00828A92 /* boxWithStar@2x.png in Resources */ = {isa = PBXBuildFile; fileRef = C34A00ED17488A5400828A92 /* boxWithStar@2x.png */; };
		C34A014917488A7E00828A92 /* CheckCommitsHighlighted.png in Resources */ = {isa = PBXBuildFile; fileRef = C34A00EF17488A5400828A92 /* CheckCommitsHighlighted.png */; };
		C34A014B17488A7E00828A92 /* CheckCommitsHighlighted@2x.png in Resources */ = {isa = PBXBuildFile; fileRef = C34A00F117488A5400828A92 /* CheckCommitsHighlighted@2x.png */; };
		C34A014D17488A7E00828A92 /* CheckCommitsNormal.png in Resources */ = {isa = PBXBuildFile; fileRef = C34A00F317488A5500828A92 /* CheckCommitsNormal.png */; };
		C34A014F17488A7E00828A92 /* CheckCommitsNormal@2x.png in Resources */ = {isa = PBXBuildFile; fileRef = C34A00F517488A5500828A92 /* CheckCommitsNormal@2x.png */; };
		C34A015117488A7E00828A92 /* DoneButton.png in Resources */ = {isa = PBXBuildFile; fileRef = C34A00F717488A5600828A92 /* DoneButton.png */; };
		C34A015217488A7E00828A92 /* DoneButton@2x.png in Resources */ = {isa = PBXBuildFile; fileRef = C34A00F817488A5600828A92 /* DoneButton@2x.png */; };
		C34A015317488A7E00828A92 /* DoneHighlight.png in Resources */ = {isa = PBXBuildFile; fileRef = C34A00F917488A5600828A92 /* DoneHighlight.png */; };
		C34A015417488A7E00828A92 /* DoneHighlight@2x.png in Resources */ = {isa = PBXBuildFile; fileRef = C34A00FA17488A5600828A92 /* DoneHighlight@2x.png */; };
		C34A015517488A7E00828A92 /* ExploreCodeHighlighted.png in Resources */ = {isa = PBXBuildFile; fileRef = C34A00FB17488A5700828A92 /* ExploreCodeHighlighted.png */; };
		C34A015717488A7E00828A92 /* ExploreCodeHighlighted@2x.png in Resources */ = {isa = PBXBuildFile; fileRef = C34A00FD17488A5700828A92 /* ExploreCodeHighlighted@2x.png */; };
		C34A015917488A7E00828A92 /* ExploreCodeNormal.png in Resources */ = {isa = PBXBuildFile; fileRef = C34A00FF17488A5800828A92 /* ExploreCodeNormal.png */; };
		C34A015B17488A7E00828A92 /* ExploreCodeNormal@2x.png in Resources */ = {isa = PBXBuildFile; fileRef = C34A010117488A5800828A92 /* ExploreCodeNormal@2x.png */; };
		C34A015D17488A7E00828A92 /* ForkButtonHighlighted.png in Resources */ = {isa = PBXBuildFile; fileRef = C34A010317488A5900828A92 /* ForkButtonHighlighted.png */; };
		C34A015E17488A7E00828A92 /* ForkButtonHighlighted@2x.png in Resources */ = {isa = PBXBuildFile; fileRef = C34A010417488A5900828A92 /* ForkButtonHighlighted@2x.png */; };
		C34A015F17488A7E00828A92 /* ForkButtonNormal.png in Resources */ = {isa = PBXBuildFile; fileRef = C34A010517488A5A00828A92 /* ForkButtonNormal.png */; };
		C34A016017488A7E00828A92 /* ForkButtonNormal@2x.png in Resources */ = {isa = PBXBuildFile; fileRef = C34A010617488A5A00828A92 /* ForkButtonNormal@2x.png */; };
		C34A016117488A7E00828A92 /* gravatar-user-420.png in Resources */ = {isa = PBXBuildFile; fileRef = C34A010717488A5B00828A92 /* gravatar-user-420.png */; };
		C34A016217488A7E00828A92 /* Icon 2-Artwork.png in Resources */ = {isa = PBXBuildFile; fileRef = C34A010817488A5B00828A92 /* Icon 2-Artwork.png */; };
		C34A016317488A7E00828A92 /* Icon 2-Artwork@2x.png in Resources */ = {isa = PBXBuildFile; fileRef = C34A010917488A5B00828A92 /* Icon 2-Artwork@2x.png */; };
		C34A016417488A7E00828A92 /* Icon 2-iPad.png in Resources */ = {isa = PBXBuildFile; fileRef = C34A010A17488A5C00828A92 /* Icon 2-iPad.png */; };
		C34A016517488A7E00828A92 /* Icon 2-iPad@2x.png in Resources */ = {isa = PBXBuildFile; fileRef = C34A010B17488A5C00828A92 /* Icon 2-iPad@2x.png */; };
		C34A016617488A7E00828A92 /* Icon 2-Small-iPad.png in Resources */ = {isa = PBXBuildFile; fileRef = C34A010C17488A5D00828A92 /* Icon 2-Small-iPad.png */; };
		C34A016717488A7E00828A92 /* Icon 2-Small-iPad@2x.png in Resources */ = {isa = PBXBuildFile; fileRef = C34A010D17488A5D00828A92 /* Icon 2-Small-iPad@2x.png */; };
		C34A016817488A7E00828A92 /* Icon 2-Small.png in Resources */ = {isa = PBXBuildFile; fileRef = C34A010E17488A5E00828A92 /* Icon 2-Small.png */; };
		C34A016917488A7E00828A92 /* Icon 2-Small@2x.png in Resources */ = {isa = PBXBuildFile; fileRef = C34A010F17488A5E00828A92 /* Icon 2-Small@2x.png */; };
		C34A016A17488A7E00828A92 /* Icon 2.png in Resources */ = {isa = PBXBuildFile; fileRef = C34A011017488A5F00828A92 /* Icon 2.png */; };
		C34A016B17488A7E00828A92 /* Icon 2@2x.png in Resources */ = {isa = PBXBuildFile; fileRef = C34A011117488A5F00828A92 /* Icon 2@2x.png */; };
		C34A016C17488A7E00828A92 /* keyboardToggle.png in Resources */ = {isa = PBXBuildFile; fileRef = C34A011217488A6000828A92 /* keyboardToggle.png */; };
		C34A016D17488A7E00828A92 /* keyboardToggle@2x.png in Resources */ = {isa = PBXBuildFile; fileRef = C34A011317488A6000828A92 /* keyboardToggle@2x.png */; };
		C34A016E17488A7E00828A92 /* lock.png in Resources */ = {isa = PBXBuildFile; fileRef = C34A011417488A6100828A92 /* lock.png */; };
		C34A017017488A7E00828A92 /* lock@2x.png in Resources */ = {isa = PBXBuildFile; fileRef = C34A011617488A6200828A92 /* lock@2x.png */; };
		C34A017217488A7E00828A92 /* NotifyCheck.png in Resources */ = {isa = PBXBuildFile; fileRef = C34A011817488A6300828A92 /* NotifyCheck.png */; };
		C34A017317488A7E00828A92 /* NotifyCheck@2x.png in Resources */ = {isa = PBXBuildFile; fileRef = C34A011917488A6400828A92 /* NotifyCheck@2x.png */; };
		C34A017417488A7E00828A92 /* NotifyX.png in Resources */ = {isa = PBXBuildFile; fileRef = C34A011A17488A6400828A92 /* NotifyX.png */; };
		C34A017517488A7E00828A92 /* NotifyX@2x.png in Resources */ = {isa = PBXBuildFile; fileRef = C34A011B17488A6500828A92 /* NotifyX@2x.png */; };
		C34A017617488A7E00828A92 /* old-ForkButtonHighlighted.png in Resources */ = {isa = PBXBuildFile; fileRef = C34A011C17488A6500828A92 /* old-ForkButtonHighlighted.png */; };
		C34A017717488A7E00828A92 /* old-ForkButtonHighlighted@2x.png in Resources */ = {isa = PBXBuildFile; fileRef = C34A011D17488A6600828A92 /* old-ForkButtonHighlighted@2x.png */; };
		C34A017817488A7E00828A92 /* old-ForkButtonNormal.png in Resources */ = {isa = PBXBuildFile; fileRef = C34A011E17488A6700828A92 /* old-ForkButtonNormal.png */; };
		C34A017917488A7E00828A92 /* old-ForkButtonNormal@2x.png in Resources */ = {isa = PBXBuildFile; fileRef = C34A011F17488A6700828A92 /* old-ForkButtonNormal@2x.png */; };
		C34A017A17488A7E00828A92 /* old-SmallButtonHighlighted.png in Resources */ = {isa = PBXBuildFile; fileRef = C34A012017488A6800828A92 /* old-SmallButtonHighlighted.png */; };
		C34A017B17488A7E00828A92 /* old-SmallButtonHighlighted@2x.png in Resources */ = {isa = PBXBuildFile; fileRef = C34A012117488A6900828A92 /* old-SmallButtonHighlighted@2x.png */; };
		C34A017C17488A7E00828A92 /* old-SmallButtonNormal.png in Resources */ = {isa = PBXBuildFile; fileRef = C34A012217488A6900828A92 /* old-SmallButtonNormal.png */; };
		C34A017D17488A7E00828A92 /* old-SmallButtonNormal@2x.png in Resources */ = {isa = PBXBuildFile; fileRef = C34A012317488A6A00828A92 /* old-SmallButtonNormal@2x.png */; };
		C34A017E17488A7E00828A92 /* old-StarButtonHighlighted.png in Resources */ = {isa = PBXBuildFile; fileRef = C34A012417488A6B00828A92 /* old-StarButtonHighlighted.png */; };
		C34A017F17488A7E00828A92 /* old-StarButtonHighlighted@2x.png in Resources */ = {isa = PBXBuildFile; fileRef = C34A012517488A6C00828A92 /* old-StarButtonHighlighted@2x.png */; };
		C34A018017488A7E00828A92 /* old-StarButtonNormal.png in Resources */ = {isa = PBXBuildFile; fileRef = C34A012617488A6C00828A92 /* old-StarButtonNormal.png */; };
		C34A018117488A7E00828A92 /* old-StarButtonNormal@2x.png in Resources */ = {isa = PBXBuildFile; fileRef = C34A012717488A6D00828A92 /* old-StarButtonNormal@2x.png */; };
		C34A018217488A7E00828A92 /* old-UnstarButtonHighlighted.png in Resources */ = {isa = PBXBuildFile; fileRef = C34A012817488A6E00828A92 /* old-UnstarButtonHighlighted.png */; };
		C34A018317488A7E00828A92 /* old-UnstarButtonHighlighted@2x.png in Resources */ = {isa = PBXBuildFile; fileRef = C34A012917488A6F00828A92 /* old-UnstarButtonHighlighted@2x.png */; };
		C34A018417488A7E00828A92 /* old-UnstarButtonNormal.png in Resources */ = {isa = PBXBuildFile; fileRef = C34A012A17488A6F00828A92 /* old-UnstarButtonNormal.png */; };
		C34A018517488A7E00828A92 /* old-UnstarButtonNormal@2x.png in Resources */ = {isa = PBXBuildFile; fileRef = C34A012B17488A7000828A92 /* old-UnstarButtonNormal@2x.png */; };
		C34A018617488A7E00828A92 /* old-UnwatchButtonHighlighted.png in Resources */ = {isa = PBXBuildFile; fileRef = C34A012C17488A7100828A92 /* old-UnwatchButtonHighlighted.png */; };
		C34A018717488A7E00828A92 /* old-UnwatchButtonHighlighted@2x.png in Resources */ = {isa = PBXBuildFile; fileRef = C34A012D17488A7200828A92 /* old-UnwatchButtonHighlighted@2x.png */; };
		C34A018817488A7E00828A92 /* old-UnwatchButtonNormal.png in Resources */ = {isa = PBXBuildFile; fileRef = C34A012E17488A7200828A92 /* old-UnwatchButtonNormal.png */; };
		C34A018917488A7E00828A92 /* old-UnwatchButtonNormal@2x.png in Resources */ = {isa = PBXBuildFile; fileRef = C34A012F17488A7300828A92 /* old-UnwatchButtonNormal@2x.png */; };
		C34A018A17488A7E00828A92 /* old-WatchButtonHighlighted.png in Resources */ = {isa = PBXBuildFile; fileRef = C34A013017488A7400828A92 /* old-WatchButtonHighlighted.png */; };
		C34A018B17488A7E00828A92 /* old-WatchButtonHighlighted@2x.png in Resources */ = {isa = PBXBuildFile; fileRef = C34A013117488A7500828A92 /* old-WatchButtonHighlighted@2x.png */; };
		C34A018C17488A7E00828A92 /* old-WatchButtonNormal.png in Resources */ = {isa = PBXBuildFile; fileRef = C34A013217488A7600828A92 /* old-WatchButtonNormal.png */; };
		C34A018D17488A7E00828A92 /* old-WatchButtonNormal@2x.png in Resources */ = {isa = PBXBuildFile; fileRef = C34A013317488A7600828A92 /* old-WatchButtonNormal@2x.png */; };
		C34A018E17488A7E00828A92 /* StarButtonHighlighted.png in Resources */ = {isa = PBXBuildFile; fileRef = C34A013417488A7700828A92 /* StarButtonHighlighted.png */; };
		C34A018F17488A7E00828A92 /* StarButtonHighlighted@2x.png in Resources */ = {isa = PBXBuildFile; fileRef = C34A013517488A7800828A92 /* StarButtonHighlighted@2x.png */; };
		C34A019017488A7E00828A92 /* StarButtonNormal.png in Resources */ = {isa = PBXBuildFile; fileRef = C34A013617488A7900828A92 /* StarButtonNormal.png */; };
		C34A019117488A7E00828A92 /* StarButtonNormal@2x.png in Resources */ = {isa = PBXBuildFile; fileRef = C34A013717488A7A00828A92 /* StarButtonNormal@2x.png */; };
		C34A019217488A7E00828A92 /* WatchButtonHighlighted.png in Resources */ = {isa = PBXBuildFile; fileRef = C34A013817488A7B00828A92 /* WatchButtonHighlighted.png */; };
		C34A019317488A7E00828A92 /* WatchButtonHighlighted@2x.png in Resources */ = {isa = PBXBuildFile; fileRef = C34A013917488A7B00828A92 /* WatchButtonHighlighted@2x.png */; };
		C34A019417488A7E00828A92 /* WatchButtonNormal.png in Resources */ = {isa = PBXBuildFile; fileRef = C34A013A17488A7C00828A92 /* WatchButtonNormal.png */; };
		C34A019517488A7E00828A92 /* WatchButtonNormal@2x.png in Resources */ = {isa = PBXBuildFile; fileRef = C34A013B17488A7D00828A92 /* WatchButtonNormal@2x.png */; };
		C36F88B7173F0E3200458B6A /* SparkInspector.framework in Frameworks */ = {isa = PBXBuildFile; fileRef = C36F88B6173F0E3200458B6A /* SparkInspector.framework */; };
		C36F88C9174009AD00458B6A /* libReactiveCocoa-iOS.a in Frameworks */ = {isa = PBXBuildFile; fileRef = C36F88C8174009AD00458B6A /* libReactiveCocoa-iOS.a */; };
		C3767C9417168E2900BC593B /* DMInitialViewController.m in Sources */ = {isa = PBXBuildFile; fileRef = C3767C9317168E2900BC593B /* DMInitialViewController.m */; };
		C3767C9717168E7C00BC593B /* DMHomeScreenCollectionViewController.m in Sources */ = {isa = PBXBuildFile; fileRef = C3767C9617168E7C00BC593B /* DMHomeScreenCollectionViewController.m */; };
		C3767C9D17168ECB00BC593B /* DMSettingsTableViewController.m in Sources */ = {isa = PBXBuildFile; fileRef = C3767C9C17168ECB00BC593B /* DMSettingsTableViewController.m */; };
		C3767C9F17168EEA00BC593B /* InitialStoryboard_iPhone.storyboard in Resources */ = {isa = PBXBuildFile; fileRef = C3767C9E17168EEA00BC593B /* InitialStoryboard_iPhone.storyboard */; };
		C3767CA2171696E300BC593B /* DMHomeScreenViewController.m in Sources */ = {isa = PBXBuildFile; fileRef = C3767CA1171696E300BC593B /* DMHomeScreenViewController.m */; };
		C3767CA4171696FF00BC593B /* HomeScreenView.xib in Resources */ = {isa = PBXBuildFile; fileRef = C3767CA3171696FF00BC593B /* HomeScreenView.xib */; };
		C3767CAA1716994B00BC593B /* DMHomeScreenTableViewController.m in Sources */ = {isa = PBXBuildFile; fileRef = C3767CA91716994B00BC593B /* DMHomeScreenTableViewController.m */; };
		C37D72AC171FC66C00AB948C /* DMSearchResultsTableViewController.m in Sources */ = {isa = PBXBuildFile; fileRef = C37D72AB171FC66C00AB948C /* DMSearchResultsTableViewController.m */; };
		C37F7029171CB5D3003D385E /* RepositoryStoryboard_iPhone.storyboard in Resources */ = {isa = PBXBuildFile; fileRef = C37F7028171CB5D3003D385E /* RepositoryStoryboard_iPhone.storyboard */; };
		C381C8041723F15500D29F01 /* libMMMarkdown-iOS.a in Frameworks */ = {isa = PBXBuildFile; fileRef = C381C8031723F15500D29F01 /* libMMMarkdown-iOS.a */; };
		C384C74516EA9FE9009434D5 /* CoreText.framework in Frameworks */ = {isa = PBXBuildFile; fileRef = C384C74316EA9FE9009434D5 /* CoreText.framework */; };
		C384C74616EA9FE9009434D5 /* QuartzCore.framework in Frameworks */ = {isa = PBXBuildFile; fileRef = C384C74416EA9FE9009434D5 /* QuartzCore.framework */; };
		C384C75116EAA12D009434D5 /* libz.dylib in Frameworks */ = {isa = PBXBuildFile; fileRef = C384C75016EAA12D009434D5 /* libz.dylib */; };
		C384C75316EAA498009434D5 /* SystemConfiguration.framework in Frameworks */ = {isa = PBXBuildFile; fileRef = C384C75216EAA498009434D5 /* SystemConfiguration.framework */; };
		C384C75516EAA4A9009434D5 /* MobileCoreServices.framework in Frameworks */ = {isa = PBXBuildFile; fileRef = C384C75416EAA4A9009434D5 /* MobileCoreServices.framework */; };
		C39840DE16EA9AD100B2ADB1 /* UIKit.framework in Frameworks */ = {isa = PBXBuildFile; fileRef = C39840DD16EA9AD100B2ADB1 /* UIKit.framework */; };
		C39840E016EA9AD100B2ADB1 /* Foundation.framework in Frameworks */ = {isa = PBXBuildFile; fileRef = C39840DF16EA9AD100B2ADB1 /* Foundation.framework */; };
		C39840E216EA9AD100B2ADB1 /* CoreGraphics.framework in Frameworks */ = {isa = PBXBuildFile; fileRef = C39840E116EA9AD100B2ADB1 /* CoreGraphics.framework */; };
		C39840E816EA9AD100B2ADB1 /* InfoPlist.strings in Resources */ = {isa = PBXBuildFile; fileRef = C39840E616EA9AD100B2ADB1 /* InfoPlist.strings */; };
		C39840EA16EA9AD100B2ADB1 /* main.m in Sources */ = {isa = PBXBuildFile; fileRef = C39840E916EA9AD100B2ADB1 /* main.m */; };
		C39840EE16EA9AD100B2ADB1 /* DMAppDelegate.m in Sources */ = {isa = PBXBuildFile; fileRef = C39840ED16EA9AD100B2ADB1 /* DMAppDelegate.m */; };
		C39840F016EA9AD100B2ADB1 /* Default.png in Resources */ = {isa = PBXBuildFile; fileRef = C39840EF16EA9AD100B2ADB1 /* Default.png */; };
		C39840F216EA9AD100B2ADB1 /* Default@2x.png in Resources */ = {isa = PBXBuildFile; fileRef = C39840F116EA9AD100B2ADB1 /* Default@2x.png */; };
		C39840F416EA9AD100B2ADB1 /* Default-568h@2x.png in Resources */ = {isa = PBXBuildFile; fileRef = C39840F316EA9AD100B2ADB1 /* Default-568h@2x.png */; };
		C39840F716EA9AD100B2ADB1 /* MainStoryboard_iPhone.storyboard in Resources */ = {isa = PBXBuildFile; fileRef = C39840F516EA9AD100B2ADB1 /* MainStoryboard_iPhone.storyboard */; };
		C39840FD16EA9AD100B2ADB1 /* DMViewController.m in Sources */ = {isa = PBXBuildFile; fileRef = C39840FC16EA9AD100B2ADB1 /* DMViewController.m */; };
		C3A8EB7C171F02E3001C85DD /* SearchStoryboard_iPhone.storyboard in Resources */ = {isa = PBXBuildFile; fileRef = C3A8EB7B171F02E3001C85DD /* SearchStoryboard_iPhone.storyboard */; };
		C3A8EB7F171F0332001C85DD /* DMSearchResultsViewController.m in Sources */ = {isa = PBXBuildFile; fileRef = C3A8EB7E171F0332001C85DD /* DMSearchResultsViewController.m */; };
		C3A8EB81171F048C001C85DD /* ExploreStoryboard_iPhone.storyboard in Resources */ = {isa = PBXBuildFile; fileRef = C3A8EB80171F048C001C85DD /* ExploreStoryboard_iPhone.storyboard */; };
		C3A8EB84171F04CA001C85DD /* DMExploreTableViewController.m in Sources */ = {isa = PBXBuildFile; fileRef = C3A8EB83171F04CA001C85DD /* DMExploreTableViewController.m */; };
		C3AB55D2171CB16600D992C2 /* DMRepositoryViewController.m in Sources */ = {isa = PBXBuildFile; fileRef = C3AB55D1171CB16600D992C2 /* DMRepositoryViewController.m */; };
		C3B56C801730E39C005A7CB8 /* QuickLook.framework in Frameworks */ = {isa = PBXBuildFile; fileRef = C3B56C7F1730E39C005A7CB8 /* QuickLook.framework */; };
		C3B99368173461F90060A336 /* DMAboutViewController.m in Sources */ = {isa = PBXBuildFile; fileRef = C3B99367173461F90060A336 /* DMAboutViewController.m */; };
		C3B9936B173462730060A336 /* DMLicensingViewController.m in Sources */ = {isa = PBXBuildFile; fileRef = C3B9936A173462730060A336 /* DMLicensingViewController.m */; };
		C3B9936D173466280060A336 /* Accounts.framework in Frameworks */ = {isa = PBXBuildFile; fileRef = C3B9936C173466280060A336 /* Accounts.framework */; };
		C3B9936F173469D50060A336 /* Twitter.framework in Frameworks */ = {isa = PBXBuildFile; fileRef = C3B9936E173469D50060A336 /* Twitter.framework */; };
		C3B9937117346A070060A336 /* Social.framework in Frameworks */ = {isa = PBXBuildFile; fileRef = C3B9937017346A070060A336 /* Social.framework */; };
		C3B99373173470500060A336 /* Pods-Acknowledgements.markdown in Resources */ = {isa = PBXBuildFile; fileRef = C3B99372173470500060A336 /* Pods-Acknowledgements.markdown */; };
		C3C81DFD173871E700E53AD5 /* DMTextView.m in Sources */ = {isa = PBXBuildFile; fileRef = C3C81DFC173871E700E53AD5 /* DMTextView.m */; };
		C3C81E001738722500E53AD5 /* DMRepositoryFileViewController.m in Sources */ = {isa = PBXBuildFile; fileRef = C3C81DFF1738722500E53AD5 /* DMRepositoryFileViewController.m */; };
		C3C81E09173A3DFD00E53AD5 /* fontawesome-webfont.ttf in Resources */ = {isa = PBXBuildFile; fileRef = C3C81E08173A3DFD00E53AD5 /* fontawesome-webfont.ttf */; };
		C3DAEC2F16EC06BE00C51F73 /* DMRepositoryTableViewCell.m in Sources */ = {isa = PBXBuildFile; fileRef = C3DAEC2D16EC06BE00C51F73 /* DMRepositoryTableViewCell.m */; };
		C3E8DF84173C7D7500604115 /* RNBlurModalView.m in Sources */ = {isa = PBXBuildFile; fileRef = C3E8DF83173C7D7500604115 /* RNBlurModalView.m */; };
		C3E8DF87173C7DA600604115 /* Accelerate.framework in Frameworks */ = {isa = PBXBuildFile; fileRef = C3E8DF86173C7DA600604115 /* Accelerate.framework */; };
		C3E8DF8A173C8BD200604115 /* DMCommitMessageView.m in Sources */ = {isa = PBXBuildFile; fileRef = C3E8DF89173C8BD200604115 /* DMCommitMessageView.m */; };
		C3E8DF8C173C8C2900604115 /* DMCommitMessageView.xib in Resources */ = {isa = PBXBuildFile; fileRef = C3E8DF8B173C8C2900604115 /* DMCommitMessageView.xib */; };
		C3ED621916EC702000311A72 /* Security.framework in Frameworks */ = {isa = PBXBuildFile; fileRef = C3ED621816EC702000311A72 /* Security.framework */; };
		C3ED621B16EC702B00311A72 /* CFNetwork.framework in Frameworks */ = {isa = PBXBuildFile; fileRef = C3ED621A16EC702B00311A72 /* CFNetwork.framework */; };
		C3ED621D16EC703B00311A72 /* MessageUI.framework in Frameworks */ = {isa = PBXBuildFile; fileRef = C3ED621C16EC703B00311A72 /* MessageUI.framework */; };
		C3ED622016EC765F00311A72 /* DMAccountViewController.m in Sources */ = {isa = PBXBuildFile; fileRef = C3ED621F16EC765F00311A72 /* DMAccountViewController.m */; };
/* End PBXBuildFile section */

/* Begin PBXFileReference section */
		46FCC8B0DAE24806B36D18EB /* libPods.a */ = {isa = PBXFileReference; explicitFileType = archive.ar; includeInIndex = 0; path = libPods.a; sourceTree = BUILT_PRODUCTS_DIR; };
		48E35ED2D5A14F259D4DD291 /* Pods.xcconfig */ = {isa = PBXFileReference; includeInIndex = 1; lastKnownFileType = text.xcconfig; name = Pods.xcconfig; path = Pods/Pods.xcconfig; sourceTree = SOURCE_ROOT; };
		C30235531721DD4300842687 /* RepositoryViewStoryboard_iPhone.storyboard */ = {isa = PBXFileReference; fileEncoding = 4; lastKnownFileType = file.storyboard; path = RepositoryViewStoryboard_iPhone.storyboard; sourceTree = "<group>"; };
		C30235601721DEAF00842687 /* DMRepositoryDetailTableViewController.h */ = {isa = PBXFileReference; fileEncoding = 4; lastKnownFileType = sourcecode.c.h; path = DMRepositoryDetailTableViewController.h; sourceTree = "<group>"; };
		C30235611721DEAF00842687 /* DMRepositoryDetailTableViewController.m */ = {isa = PBXFileReference; fileEncoding = 4; lastKnownFileType = sourcecode.c.objc; path = DMRepositoryDetailTableViewController.m; sourceTree = "<group>"; };
		C30235701721E04900842687 /* DMAppDelegate_TODO_List.h */ = {isa = PBXFileReference; lastKnownFileType = sourcecode.c.h; path = DMAppDelegate_TODO_List.h; sourceTree = "<group>"; };
		C30235711722534200842687 /* DMRepositoryDetailTableViewCell.xib */ = {isa = PBXFileReference; fileEncoding = 4; lastKnownFileType = file.xib; name = DMRepositoryDetailTableViewCell.xib; path = ../DMRepositoryDetailTableViewCell.xib; sourceTree = "<group>"; };
		C30235721722534200842687 /* DMRepositoryDetailTableViewCell.h */ = {isa = PBXFileReference; fileEncoding = 4; lastKnownFileType = sourcecode.c.h; name = DMRepositoryDetailTableViewCell.h; path = ../DMRepositoryDetailTableViewCell.h; sourceTree = "<group>"; };
		C30235731722534300842687 /* DMRepositoryDetailTableViewCell.m */ = {isa = PBXFileReference; fileEncoding = 4; lastKnownFileType = sourcecode.c.objc; name = DMRepositoryDetailTableViewCell.m; path = ../DMRepositoryDetailTableViewCell.m; sourceTree = "<group>"; };
		C302357617226B0500842687 /* DMRepositoryDetailViewController.h */ = {isa = PBXFileReference; fileEncoding = 4; lastKnownFileType = sourcecode.c.h; path = DMRepositoryDetailViewController.h; sourceTree = "<group>"; };
		C302357717226B0500842687 /* DMRepositoryDetailViewController.m */ = {isa = PBXFileReference; fileEncoding = 4; lastKnownFileType = sourcecode.c.objc; path = DMRepositoryDetailViewController.m; sourceTree = "<group>"; };
		C302357917226B3B00842687 /* RepositoryDetailView.xib */ = {isa = PBXFileReference; fileEncoding = 4; lastKnownFileType = file.xib; path = RepositoryDetailView.xib; sourceTree = "<group>"; };
		C3083CBD174B43BE00F62A1F /* DMNotificationsTableViewController.h */ = {isa = PBXFileReference; fileEncoding = 4; lastKnownFileType = sourcecode.c.h; path = DMNotificationsTableViewController.h; sourceTree = "<group>"; };
		C3083CBE174B43BE00F62A1F /* DMNotificationsTableViewController.m */ = {isa = PBXFileReference; fileEncoding = 4; lastKnownFileType = sourcecode.c.objc; path = DMNotificationsTableViewController.m; sourceTree = "<group>"; };
		C3083CC0174B43F200F62A1F /* NotificationsStoryboard_iPhone.storyboard */ = {isa = PBXFileReference; fileEncoding = 4; lastKnownFileType = file.storyboard; path = NotificationsStoryboard_iPhone.storyboard; sourceTree = "<group>"; };
		C3083CC2174B440200F62A1F /* GistsStoryboard_iPhone.storyboard */ = {isa = PBXFileReference; fileEncoding = 4; lastKnownFileType = file.storyboard; path = GistsStoryboard_iPhone.storyboard; sourceTree = "<group>"; };
		C3083CC4174B442500F62A1F /* NewsFeedStoryboard_iPhone.storyboard */ = {isa = PBXFileReference; fileEncoding = 4; lastKnownFileType = file.storyboard; path = NewsFeedStoryboard_iPhone.storyboard; sourceTree = "<group>"; };
		C3083CC7174B478E00F62A1F /* DMGistExploreTableViewController.h */ = {isa = PBXFileReference; fileEncoding = 4; lastKnownFileType = sourcecode.c.h; path = DMGistExploreTableViewController.h; sourceTree = "<group>"; };
		C3083CC8174B478E00F62A1F /* DMGistExploreTableViewController.m */ = {isa = PBXFileReference; fileEncoding = 4; lastKnownFileType = sourcecode.c.objc; path = DMGistExploreTableViewController.m; sourceTree = "<group>"; };
		C30FB3C717121D64002D6C69 /* DMCustomLabel.h */ = {isa = PBXFileReference; fileEncoding = 4; lastKnownFileType = sourcecode.c.h; path = DMCustomLabel.h; sourceTree = "<group>"; };
		C30FB3C817121D64002D6C69 /* DMCustomLabel.m */ = {isa = PBXFileReference; fileEncoding = 4; lastKnownFileType = sourcecode.c.objc; path = DMCustomLabel.m; sourceTree = "<group>"; };
		C329908D1712165500176E3A /* Avenir.ttc */ = {isa = PBXFileReference; lastKnownFileType = file; path = Avenir.ttc; sourceTree = "<group>"; };
		C34A007D17469D0D00828A92 /* DMRepositoryCommitsTableViewController.h */ = {isa = PBXFileReference; fileEncoding = 4; lastKnownFileType = sourcecode.c.h; path = DMRepositoryCommitsTableViewController.h; sourceTree = "<group>"; };
		C34A007E17469D0D00828A92 /* DMRepositoryCommitsTableViewController.m */ = {isa = PBXFileReference; fileEncoding = 4; lastKnownFileType = sourcecode.c.objc; path = DMRepositoryCommitsTableViewController.m; sourceTree = "<group>"; };
		C34A00E217488A5300828A92 /* aGHC-Icon.png */ = {isa = PBXFileReference; lastKnownFileType = image.png; path = "aGHC-Icon.png"; sourceTree = "<group>"; };
		C34A00E317488A5300828A92 /* Box.png */ = {isa = PBXFileReference; lastKnownFileType = image.png; path = Box.png; sourceTree = "<group>"; };
		C34A00E517488A5300828A92 /* Box@2x.png */ = {isa = PBXFileReference; lastKnownFileType = image.png; path = "Box@2x.png"; sourceTree = "<group>"; };
		C34A00E717488A5300828A92 /* boxWithFork.png */ = {isa = PBXFileReference; lastKnownFileType = image.png; path = boxWithFork.png; sourceTree = "<group>"; };
		C34A00E917488A5300828A92 /* boxWithFork@2x.png */ = {isa = PBXFileReference; lastKnownFileType = image.png; path = "boxWithFork@2x.png"; sourceTree = "<group>"; };
		C34A00EB17488A5400828A92 /* boxWithStar.png */ = {isa = PBXFileReference; lastKnownFileType = image.png; path = boxWithStar.png; sourceTree = "<group>"; };
		C34A00ED17488A5400828A92 /* boxWithStar@2x.png */ = {isa = PBXFileReference; lastKnownFileType = image.png; path = "boxWithStar@2x.png"; sourceTree = "<group>"; };
		C34A00EF17488A5400828A92 /* CheckCommitsHighlighted.png */ = {isa = PBXFileReference; lastKnownFileType = image.png; path = CheckCommitsHighlighted.png; sourceTree = "<group>"; };
		C34A00F117488A5400828A92 /* CheckCommitsHighlighted@2x.png */ = {isa = PBXFileReference; lastKnownFileType = image.png; path = "CheckCommitsHighlighted@2x.png"; sourceTree = "<group>"; };
		C34A00F317488A5500828A92 /* CheckCommitsNormal.png */ = {isa = PBXFileReference; lastKnownFileType = image.png; path = CheckCommitsNormal.png; sourceTree = "<group>"; };
		C34A00F517488A5500828A92 /* CheckCommitsNormal@2x.png */ = {isa = PBXFileReference; lastKnownFileType = image.png; path = "CheckCommitsNormal@2x.png"; sourceTree = "<group>"; };
		C34A00F717488A5600828A92 /* DoneButton.png */ = {isa = PBXFileReference; lastKnownFileType = image.png; path = DoneButton.png; sourceTree = "<group>"; };
		C34A00F817488A5600828A92 /* DoneButton@2x.png */ = {isa = PBXFileReference; lastKnownFileType = image.png; path = "DoneButton@2x.png"; sourceTree = "<group>"; };
		C34A00F917488A5600828A92 /* DoneHighlight.png */ = {isa = PBXFileReference; lastKnownFileType = image.png; path = DoneHighlight.png; sourceTree = "<group>"; };
		C34A00FA17488A5600828A92 /* DoneHighlight@2x.png */ = {isa = PBXFileReference; lastKnownFileType = image.png; path = "DoneHighlight@2x.png"; sourceTree = "<group>"; };
		C34A00FB17488A5700828A92 /* ExploreCodeHighlighted.png */ = {isa = PBXFileReference; lastKnownFileType = image.png; path = ExploreCodeHighlighted.png; sourceTree = "<group>"; };
		C34A00FD17488A5700828A92 /* ExploreCodeHighlighted@2x.png */ = {isa = PBXFileReference; lastKnownFileType = image.png; path = "ExploreCodeHighlighted@2x.png"; sourceTree = "<group>"; };
		C34A00FF17488A5800828A92 /* ExploreCodeNormal.png */ = {isa = PBXFileReference; lastKnownFileType = image.png; path = ExploreCodeNormal.png; sourceTree = "<group>"; };
		C34A010117488A5800828A92 /* ExploreCodeNormal@2x.png */ = {isa = PBXFileReference; lastKnownFileType = image.png; path = "ExploreCodeNormal@2x.png"; sourceTree = "<group>"; };
		C34A010317488A5900828A92 /* ForkButtonHighlighted.png */ = {isa = PBXFileReference; lastKnownFileType = image.png; path = ForkButtonHighlighted.png; sourceTree = "<group>"; };
		C34A010417488A5900828A92 /* ForkButtonHighlighted@2x.png */ = {isa = PBXFileReference; lastKnownFileType = image.png; path = "ForkButtonHighlighted@2x.png"; sourceTree = "<group>"; };
		C34A010517488A5A00828A92 /* ForkButtonNormal.png */ = {isa = PBXFileReference; lastKnownFileType = image.png; path = ForkButtonNormal.png; sourceTree = "<group>"; };
		C34A010617488A5A00828A92 /* ForkButtonNormal@2x.png */ = {isa = PBXFileReference; lastKnownFileType = image.png; path = "ForkButtonNormal@2x.png"; sourceTree = "<group>"; };
		C34A010717488A5B00828A92 /* gravatar-user-420.png */ = {isa = PBXFileReference; lastKnownFileType = image.png; path = "gravatar-user-420.png"; sourceTree = "<group>"; };
		C34A010817488A5B00828A92 /* Icon 2-Artwork.png */ = {isa = PBXFileReference; lastKnownFileType = image.png; path = "Icon 2-Artwork.png"; sourceTree = "<group>"; };
		C34A010917488A5B00828A92 /* Icon 2-Artwork@2x.png */ = {isa = PBXFileReference; lastKnownFileType = image.png; path = "Icon 2-Artwork@2x.png"; sourceTree = "<group>"; };
		C34A010A17488A5C00828A92 /* Icon 2-iPad.png */ = {isa = PBXFileReference; lastKnownFileType = image.png; path = "Icon 2-iPad.png"; sourceTree = "<group>"; };
		C34A010B17488A5C00828A92 /* Icon 2-iPad@2x.png */ = {isa = PBXFileReference; lastKnownFileType = image.png; path = "Icon 2-iPad@2x.png"; sourceTree = "<group>"; };
		C34A010C17488A5D00828A92 /* Icon 2-Small-iPad.png */ = {isa = PBXFileReference; lastKnownFileType = image.png; path = "Icon 2-Small-iPad.png"; sourceTree = "<group>"; };
		C34A010D17488A5D00828A92 /* Icon 2-Small-iPad@2x.png */ = {isa = PBXFileReference; lastKnownFileType = image.png; path = "Icon 2-Small-iPad@2x.png"; sourceTree = "<group>"; };
		C34A010E17488A5E00828A92 /* Icon 2-Small.png */ = {isa = PBXFileReference; lastKnownFileType = image.png; path = "Icon 2-Small.png"; sourceTree = "<group>"; };
		C34A010F17488A5E00828A92 /* Icon 2-Small@2x.png */ = {isa = PBXFileReference; lastKnownFileType = image.png; path = "Icon 2-Small@2x.png"; sourceTree = "<group>"; };
		C34A011017488A5F00828A92 /* Icon 2.png */ = {isa = PBXFileReference; lastKnownFileType = image.png; path = "Icon 2.png"; sourceTree = "<group>"; };
		C34A011117488A5F00828A92 /* Icon 2@2x.png */ = {isa = PBXFileReference; lastKnownFileType = image.png; path = "Icon 2@2x.png"; sourceTree = "<group>"; };
		C34A011217488A6000828A92 /* keyboardToggle.png */ = {isa = PBXFileReference; lastKnownFileType = image.png; path = keyboardToggle.png; sourceTree = "<group>"; };
		C34A011317488A6000828A92 /* keyboardToggle@2x.png */ = {isa = PBXFileReference; lastKnownFileType = image.png; path = "keyboardToggle@2x.png"; sourceTree = "<group>"; };
		C34A011417488A6100828A92 /* lock.png */ = {isa = PBXFileReference; lastKnownFileType = image.png; path = lock.png; sourceTree = "<group>"; };
		C34A011617488A6200828A92 /* lock@2x.png */ = {isa = PBXFileReference; lastKnownFileType = image.png; path = "lock@2x.png"; sourceTree = "<group>"; };
		C34A011817488A6300828A92 /* NotifyCheck.png */ = {isa = PBXFileReference; lastKnownFileType = image.png; path = NotifyCheck.png; sourceTree = "<group>"; };
		C34A011917488A6400828A92 /* NotifyCheck@2x.png */ = {isa = PBXFileReference; lastKnownFileType = image.png; path = "NotifyCheck@2x.png"; sourceTree = "<group>"; };
		C34A011A17488A6400828A92 /* NotifyX.png */ = {isa = PBXFileReference; lastKnownFileType = image.png; path = NotifyX.png; sourceTree = "<group>"; };
		C34A011B17488A6500828A92 /* NotifyX@2x.png */ = {isa = PBXFileReference; lastKnownFileType = image.png; path = "NotifyX@2x.png"; sourceTree = "<group>"; };
		C34A011C17488A6500828A92 /* old-ForkButtonHighlighted.png */ = {isa = PBXFileReference; lastKnownFileType = image.png; path = "old-ForkButtonHighlighted.png"; sourceTree = "<group>"; };
		C34A011D17488A6600828A92 /* old-ForkButtonHighlighted@2x.png */ = {isa = PBXFileReference; lastKnownFileType = image.png; path = "old-ForkButtonHighlighted@2x.png"; sourceTree = "<group>"; };
		C34A011E17488A6700828A92 /* old-ForkButtonNormal.png */ = {isa = PBXFileReference; lastKnownFileType = image.png; path = "old-ForkButtonNormal.png"; sourceTree = "<group>"; };
		C34A011F17488A6700828A92 /* old-ForkButtonNormal@2x.png */ = {isa = PBXFileReference; lastKnownFileType = image.png; path = "old-ForkButtonNormal@2x.png"; sourceTree = "<group>"; };
		C34A012017488A6800828A92 /* old-SmallButtonHighlighted.png */ = {isa = PBXFileReference; lastKnownFileType = image.png; path = "old-SmallButtonHighlighted.png"; sourceTree = "<group>"; };
		C34A012117488A6900828A92 /* old-SmallButtonHighlighted@2x.png */ = {isa = PBXFileReference; lastKnownFileType = image.png; path = "old-SmallButtonHighlighted@2x.png"; sourceTree = "<group>"; };
		C34A012217488A6900828A92 /* old-SmallButtonNormal.png */ = {isa = PBXFileReference; lastKnownFileType = image.png; path = "old-SmallButtonNormal.png"; sourceTree = "<group>"; };
		C34A012317488A6A00828A92 /* old-SmallButtonNormal@2x.png */ = {isa = PBXFileReference; lastKnownFileType = image.png; path = "old-SmallButtonNormal@2x.png"; sourceTree = "<group>"; };
		C34A012417488A6B00828A92 /* old-StarButtonHighlighted.png */ = {isa = PBXFileReference; lastKnownFileType = image.png; path = "old-StarButtonHighlighted.png"; sourceTree = "<group>"; };
		C34A012517488A6C00828A92 /* old-StarButtonHighlighted@2x.png */ = {isa = PBXFileReference; lastKnownFileType = image.png; path = "old-StarButtonHighlighted@2x.png"; sourceTree = "<group>"; };
		C34A012617488A6C00828A92 /* old-StarButtonNormal.png */ = {isa = PBXFileReference; lastKnownFileType = image.png; path = "old-StarButtonNormal.png"; sourceTree = "<group>"; };
		C34A012717488A6D00828A92 /* old-StarButtonNormal@2x.png */ = {isa = PBXFileReference; lastKnownFileType = image.png; path = "old-StarButtonNormal@2x.png"; sourceTree = "<group>"; };
		C34A012817488A6E00828A92 /* old-UnstarButtonHighlighted.png */ = {isa = PBXFileReference; lastKnownFileType = image.png; path = "old-UnstarButtonHighlighted.png"; sourceTree = "<group>"; };
		C34A012917488A6F00828A92 /* old-UnstarButtonHighlighted@2x.png */ = {isa = PBXFileReference; lastKnownFileType = image.png; path = "old-UnstarButtonHighlighted@2x.png"; sourceTree = "<group>"; };
		C34A012A17488A6F00828A92 /* old-UnstarButtonNormal.png */ = {isa = PBXFileReference; lastKnownFileType = image.png; path = "old-UnstarButtonNormal.png"; sourceTree = "<group>"; };
		C34A012B17488A7000828A92 /* old-UnstarButtonNormal@2x.png */ = {isa = PBXFileReference; lastKnownFileType = image.png; path = "old-UnstarButtonNormal@2x.png"; sourceTree = "<group>"; };
		C34A012C17488A7100828A92 /* old-UnwatchButtonHighlighted.png */ = {isa = PBXFileReference; lastKnownFileType = image.png; path = "old-UnwatchButtonHighlighted.png"; sourceTree = "<group>"; };
		C34A012D17488A7200828A92 /* old-UnwatchButtonHighlighted@2x.png */ = {isa = PBXFileReference; lastKnownFileType = image.png; path = "old-UnwatchButtonHighlighted@2x.png"; sourceTree = "<group>"; };
		C34A012E17488A7200828A92 /* old-UnwatchButtonNormal.png */ = {isa = PBXFileReference; lastKnownFileType = image.png; path = "old-UnwatchButtonNormal.png"; sourceTree = "<group>"; };
		C34A012F17488A7300828A92 /* old-UnwatchButtonNormal@2x.png */ = {isa = PBXFileReference; lastKnownFileType = image.png; path = "old-UnwatchButtonNormal@2x.png"; sourceTree = "<group>"; };
		C34A013017488A7400828A92 /* old-WatchButtonHighlighted.png */ = {isa = PBXFileReference; lastKnownFileType = image.png; path = "old-WatchButtonHighlighted.png"; sourceTree = "<group>"; };
		C34A013117488A7500828A92 /* old-WatchButtonHighlighted@2x.png */ = {isa = PBXFileReference; lastKnownFileType = image.png; path = "old-WatchButtonHighlighted@2x.png"; sourceTree = "<group>"; };
		C34A013217488A7600828A92 /* old-WatchButtonNormal.png */ = {isa = PBXFileReference; lastKnownFileType = image.png; path = "old-WatchButtonNormal.png"; sourceTree = "<group>"; };
		C34A013317488A7600828A92 /* old-WatchButtonNormal@2x.png */ = {isa = PBXFileReference; lastKnownFileType = image.png; path = "old-WatchButtonNormal@2x.png"; sourceTree = "<group>"; };
		C34A013417488A7700828A92 /* StarButtonHighlighted.png */ = {isa = PBXFileReference; lastKnownFileType = image.png; path = StarButtonHighlighted.png; sourceTree = "<group>"; };
		C34A013517488A7800828A92 /* StarButtonHighlighted@2x.png */ = {isa = PBXFileReference; lastKnownFileType = image.png; path = "StarButtonHighlighted@2x.png"; sourceTree = "<group>"; };
		C34A013617488A7900828A92 /* StarButtonNormal.png */ = {isa = PBXFileReference; lastKnownFileType = image.png; path = StarButtonNormal.png; sourceTree = "<group>"; };
		C34A013717488A7A00828A92 /* StarButtonNormal@2x.png */ = {isa = PBXFileReference; lastKnownFileType = image.png; path = "StarButtonNormal@2x.png"; sourceTree = "<group>"; };
		C34A013817488A7B00828A92 /* WatchButtonHighlighted.png */ = {isa = PBXFileReference; lastKnownFileType = image.png; path = WatchButtonHighlighted.png; sourceTree = "<group>"; };
		C34A013917488A7B00828A92 /* WatchButtonHighlighted@2x.png */ = {isa = PBXFileReference; lastKnownFileType = image.png; path = "WatchButtonHighlighted@2x.png"; sourceTree = "<group>"; };
		C34A013A17488A7C00828A92 /* WatchButtonNormal.png */ = {isa = PBXFileReference; lastKnownFileType = image.png; path = WatchButtonNormal.png; sourceTree = "<group>"; };
		C34A013B17488A7D00828A92 /* WatchButtonNormal@2x.png */ = {isa = PBXFileReference; lastKnownFileType = image.png; path = "WatchButtonNormal@2x.png"; sourceTree = "<group>"; };
		C36F88B6173F0E3200458B6A /* SparkInspector.framework */ = {isa = PBXFileReference; lastKnownFileType = wrapper.framework; path = SparkInspector.framework; sourceTree = "<group>"; };
		C36F88C8174009AD00458B6A /* libReactiveCocoa-iOS.a */ = {isa = PBXFileReference; lastKnownFileType = archive.ar; name = "libReactiveCocoa-iOS.a"; path = "ReactiveCocoa/ReactiveCocoaFramework/build/Release-iphoneos/libReactiveCocoa-iOS.a"; sourceTree = "<group>"; };
		C3767C9217168E2900BC593B /* DMInitialViewController.h */ = {isa = PBXFileReference; fileEncoding = 4; lastKnownFileType = sourcecode.c.h; path = DMInitialViewController.h; sourceTree = "<group>"; };
		C3767C9317168E2900BC593B /* DMInitialViewController.m */ = {isa = PBXFileReference; fileEncoding = 4; lastKnownFileType = sourcecode.c.objc; path = DMInitialViewController.m; sourceTree = "<group>"; };
		C3767C9517168E7C00BC593B /* DMHomeScreenCollectionViewController.h */ = {isa = PBXFileReference; fileEncoding = 4; lastKnownFileType = sourcecode.c.h; path = DMHomeScreenCollectionViewController.h; sourceTree = "<group>"; };
		C3767C9617168E7C00BC593B /* DMHomeScreenCollectionViewController.m */ = {isa = PBXFileReference; fileEncoding = 4; lastKnownFileType = sourcecode.c.objc; path = DMHomeScreenCollectionViewController.m; sourceTree = "<group>"; };
		C3767C9B17168ECB00BC593B /* DMSettingsTableViewController.h */ = {isa = PBXFileReference; fileEncoding = 4; lastKnownFileType = sourcecode.c.h; path = DMSettingsTableViewController.h; sourceTree = "<group>"; };
		C3767C9C17168ECB00BC593B /* DMSettingsTableViewController.m */ = {isa = PBXFileReference; fileEncoding = 4; lastKnownFileType = sourcecode.c.objc; path = DMSettingsTableViewController.m; sourceTree = "<group>"; };
		C3767C9E17168EEA00BC593B /* InitialStoryboard_iPhone.storyboard */ = {isa = PBXFileReference; fileEncoding = 4; lastKnownFileType = file.storyboard; path = InitialStoryboard_iPhone.storyboard; sourceTree = "<group>"; };
		C3767CA0171696E300BC593B /* DMHomeScreenViewController.h */ = {isa = PBXFileReference; fileEncoding = 4; lastKnownFileType = sourcecode.c.h; path = DMHomeScreenViewController.h; sourceTree = "<group>"; };
		C3767CA1171696E300BC593B /* DMHomeScreenViewController.m */ = {isa = PBXFileReference; fileEncoding = 4; lastKnownFileType = sourcecode.c.objc; path = DMHomeScreenViewController.m; sourceTree = "<group>"; };
		C3767CA3171696FF00BC593B /* HomeScreenView.xib */ = {isa = PBXFileReference; fileEncoding = 4; lastKnownFileType = file.xib; path = HomeScreenView.xib; sourceTree = "<group>"; };
		C3767CA81716994B00BC593B /* DMHomeScreenTableViewController.h */ = {isa = PBXFileReference; fileEncoding = 4; lastKnownFileType = sourcecode.c.h; path = DMHomeScreenTableViewController.h; sourceTree = "<group>"; };
		C3767CA91716994B00BC593B /* DMHomeScreenTableViewController.m */ = {isa = PBXFileReference; fileEncoding = 4; lastKnownFileType = sourcecode.c.objc; path = DMHomeScreenTableViewController.m; sourceTree = "<group>"; };
		C37D72AA171FC66C00AB948C /* DMSearchResultsTableViewController.h */ = {isa = PBXFileReference; fileEncoding = 4; lastKnownFileType = sourcecode.c.h; path = DMSearchResultsTableViewController.h; sourceTree = "<group>"; };
		C37D72AB171FC66C00AB948C /* DMSearchResultsTableViewController.m */ = {isa = PBXFileReference; fileEncoding = 4; lastKnownFileType = sourcecode.c.objc; path = DMSearchResultsTableViewController.m; sourceTree = "<group>"; };
		C37F7028171CB5D3003D385E /* RepositoryStoryboard_iPhone.storyboard */ = {isa = PBXFileReference; fileEncoding = 4; lastKnownFileType = file.storyboard; path = RepositoryStoryboard_iPhone.storyboard; sourceTree = "<group>"; };
		C381C8031723F15500D29F01 /* libMMMarkdown-iOS.a */ = {isa = PBXFileReference; lastKnownFileType = archive.ar; path = "libMMMarkdown-iOS.a"; sourceTree = "<group>"; };
		C384C74316EA9FE9009434D5 /* CoreText.framework */ = {isa = PBXFileReference; lastKnownFileType = wrapper.framework; name = CoreText.framework; path = System/Library/Frameworks/CoreText.framework; sourceTree = SDKROOT; };
		C384C74416EA9FE9009434D5 /* QuartzCore.framework */ = {isa = PBXFileReference; lastKnownFileType = wrapper.framework; name = QuartzCore.framework; path = System/Library/Frameworks/QuartzCore.framework; sourceTree = SDKROOT; };
		C384C74716EAA024009434D5 /* aGHC.entitlements */ = {isa = PBXFileReference; lastKnownFileType = text.xml; path = aGHC.entitlements; sourceTree = "<group>"; };
		C384C75016EAA12D009434D5 /* libz.dylib */ = {isa = PBXFileReference; lastKnownFileType = "compiled.mach-o.dylib"; name = libz.dylib; path = usr/lib/libz.dylib; sourceTree = SDKROOT; };
		C384C75216EAA498009434D5 /* SystemConfiguration.framework */ = {isa = PBXFileReference; lastKnownFileType = wrapper.framework; name = SystemConfiguration.framework; path = System/Library/Frameworks/SystemConfiguration.framework; sourceTree = SDKROOT; };
		C384C75416EAA4A9009434D5 /* MobileCoreServices.framework */ = {isa = PBXFileReference; lastKnownFileType = wrapper.framework; name = MobileCoreServices.framework; path = System/Library/Frameworks/MobileCoreServices.framework; sourceTree = SDKROOT; };
		C39840DA16EA9AD100B2ADB1 /* aGHC.app */ = {isa = PBXFileReference; explicitFileType = wrapper.application; includeInIndex = 0; path = aGHC.app; sourceTree = BUILT_PRODUCTS_DIR; };
		C39840DD16EA9AD100B2ADB1 /* UIKit.framework */ = {isa = PBXFileReference; lastKnownFileType = wrapper.framework; name = UIKit.framework; path = System/Library/Frameworks/UIKit.framework; sourceTree = SDKROOT; };
		C39840DF16EA9AD100B2ADB1 /* Foundation.framework */ = {isa = PBXFileReference; lastKnownFileType = wrapper.framework; name = Foundation.framework; path = System/Library/Frameworks/Foundation.framework; sourceTree = SDKROOT; };
		C39840E116EA9AD100B2ADB1 /* CoreGraphics.framework */ = {isa = PBXFileReference; lastKnownFileType = wrapper.framework; name = CoreGraphics.framework; path = System/Library/Frameworks/CoreGraphics.framework; sourceTree = SDKROOT; };
		C39840E516EA9AD100B2ADB1 /* aGHC-Info.plist */ = {isa = PBXFileReference; lastKnownFileType = text.plist.xml; path = "aGHC-Info.plist"; sourceTree = "<group>"; };
		C39840E716EA9AD100B2ADB1 /* en */ = {isa = PBXFileReference; lastKnownFileType = text.plist.strings; name = en; path = en.lproj/InfoPlist.strings; sourceTree = "<group>"; };
		C39840E916EA9AD100B2ADB1 /* main.m */ = {isa = PBXFileReference; lastKnownFileType = sourcecode.c.objc; path = main.m; sourceTree = "<group>"; };
		C39840EB16EA9AD100B2ADB1 /* aGHC-Prefix.pch */ = {isa = PBXFileReference; lastKnownFileType = sourcecode.c.h; path = "aGHC-Prefix.pch"; sourceTree = "<group>"; };
		C39840EC16EA9AD100B2ADB1 /* DMAppDelegate.h */ = {isa = PBXFileReference; lastKnownFileType = sourcecode.c.h; path = DMAppDelegate.h; sourceTree = "<group>"; };
		C39840ED16EA9AD100B2ADB1 /* DMAppDelegate.m */ = {isa = PBXFileReference; lastKnownFileType = sourcecode.c.objc; path = DMAppDelegate.m; sourceTree = "<group>"; };
		C39840EF16EA9AD100B2ADB1 /* Default.png */ = {isa = PBXFileReference; lastKnownFileType = image.png; path = Default.png; sourceTree = "<group>"; };
		C39840F116EA9AD100B2ADB1 /* Default@2x.png */ = {isa = PBXFileReference; lastKnownFileType = image.png; path = "Default@2x.png"; sourceTree = "<group>"; };
		C39840F316EA9AD100B2ADB1 /* Default-568h@2x.png */ = {isa = PBXFileReference; lastKnownFileType = image.png; path = "Default-568h@2x.png"; sourceTree = "<group>"; };
		C39840F616EA9AD100B2ADB1 /* en */ = {isa = PBXFileReference; lastKnownFileType = file.storyboard; name = en; path = en.lproj/MainStoryboard_iPhone.storyboard; sourceTree = "<group>"; };
		C39840FB16EA9AD100B2ADB1 /* DMViewController.h */ = {isa = PBXFileReference; lastKnownFileType = sourcecode.c.h; path = DMViewController.h; sourceTree = "<group>"; };
		C39840FC16EA9AD100B2ADB1 /* DMViewController.m */ = {isa = PBXFileReference; lastKnownFileType = sourcecode.c.objc; path = DMViewController.m; sourceTree = "<group>"; };
		C3A8EB7B171F02E3001C85DD /* SearchStoryboard_iPhone.storyboard */ = {isa = PBXFileReference; fileEncoding = 4; lastKnownFileType = file.storyboard; path = SearchStoryboard_iPhone.storyboard; sourceTree = "<group>"; };
		C3A8EB7D171F0332001C85DD /* DMSearchResultsViewController.h */ = {isa = PBXFileReference; fileEncoding = 4; lastKnownFileType = sourcecode.c.h; path = DMSearchResultsViewController.h; sourceTree = "<group>"; };
		C3A8EB7E171F0332001C85DD /* DMSearchResultsViewController.m */ = {isa = PBXFileReference; fileEncoding = 4; lastKnownFileType = sourcecode.c.objc; path = DMSearchResultsViewController.m; sourceTree = "<group>"; };
		C3A8EB80171F048C001C85DD /* ExploreStoryboard_iPhone.storyboard */ = {isa = PBXFileReference; fileEncoding = 4; lastKnownFileType = file.storyboard; path = ExploreStoryboard_iPhone.storyboard; sourceTree = "<group>"; };
		C3A8EB82171F04CA001C85DD /* DMExploreTableViewController.h */ = {isa = PBXFileReference; fileEncoding = 4; lastKnownFileType = sourcecode.c.h; path = DMExploreTableViewController.h; sourceTree = "<group>"; };
		C3A8EB83171F04CA001C85DD /* DMExploreTableViewController.m */ = {isa = PBXFileReference; fileEncoding = 4; lastKnownFileType = sourcecode.c.objc; path = DMExploreTableViewController.m; sourceTree = "<group>"; };
		C3AB55D0171CB16600D992C2 /* DMRepositoryViewController.h */ = {isa = PBXFileReference; fileEncoding = 4; lastKnownFileType = sourcecode.c.h; path = DMRepositoryViewController.h; sourceTree = "<group>"; };
		C3AB55D1171CB16600D992C2 /* DMRepositoryViewController.m */ = {isa = PBXFileReference; fileEncoding = 4; lastKnownFileType = sourcecode.c.objc; path = DMRepositoryViewController.m; sourceTree = "<group>"; };
		C3B56C7F1730E39C005A7CB8 /* QuickLook.framework */ = {isa = PBXFileReference; lastKnownFileType = wrapper.framework; name = QuickLook.framework; path = System/Library/Frameworks/QuickLook.framework; sourceTree = SDKROOT; };
		C3B99366173461F90060A336 /* DMAboutViewController.h */ = {isa = PBXFileReference; fileEncoding = 4; lastKnownFileType = sourcecode.c.h; path = DMAboutViewController.h; sourceTree = "<group>"; };
		C3B99367173461F90060A336 /* DMAboutViewController.m */ = {isa = PBXFileReference; fileEncoding = 4; lastKnownFileType = sourcecode.c.objc; path = DMAboutViewController.m; sourceTree = "<group>"; };
		C3B99369173462730060A336 /* DMLicensingViewController.h */ = {isa = PBXFileReference; fileEncoding = 4; lastKnownFileType = sourcecode.c.h; path = DMLicensingViewController.h; sourceTree = "<group>"; };
		C3B9936A173462730060A336 /* DMLicensingViewController.m */ = {isa = PBXFileReference; fileEncoding = 4; lastKnownFileType = sourcecode.c.objc; path = DMLicensingViewController.m; sourceTree = "<group>"; };
		C3B9936C173466280060A336 /* Accounts.framework */ = {isa = PBXFileReference; lastKnownFileType = wrapper.framework; name = Accounts.framework; path = System/Library/Frameworks/Accounts.framework; sourceTree = SDKROOT; };
		C3B9936E173469D50060A336 /* Twitter.framework */ = {isa = PBXFileReference; lastKnownFileType = wrapper.framework; name = Twitter.framework; path = System/Library/Frameworks/Twitter.framework; sourceTree = SDKROOT; };
		C3B9937017346A070060A336 /* Social.framework */ = {isa = PBXFileReference; lastKnownFileType = wrapper.framework; name = Social.framework; path = System/Library/Frameworks/Social.framework; sourceTree = SDKROOT; };
		C3B99372173470500060A336 /* Pods-Acknowledgements.markdown */ = {isa = PBXFileReference; fileEncoding = 4; lastKnownFileType = text; path = "Pods-Acknowledgements.markdown"; sourceTree = "<group>"; };
		C3C81DFB173871E700E53AD5 /* DMTextView.h */ = {isa = PBXFileReference; fileEncoding = 4; lastKnownFileType = sourcecode.c.h; path = DMTextView.h; sourceTree = "<group>"; };
		C3C81DFC173871E700E53AD5 /* DMTextView.m */ = {isa = PBXFileReference; fileEncoding = 4; lastKnownFileType = sourcecode.c.objc; path = DMTextView.m; sourceTree = "<group>"; };
		C3C81DFE1738722500E53AD5 /* DMRepositoryFileViewController.h */ = {isa = PBXFileReference; fileEncoding = 4; lastKnownFileType = sourcecode.c.h; path = DMRepositoryFileViewController.h; sourceTree = "<group>"; };
		C3C81DFF1738722500E53AD5 /* DMRepositoryFileViewController.m */ = {isa = PBXFileReference; fileEncoding = 4; lastKnownFileType = sourcecode.c.objc; path = DMRepositoryFileViewController.m; sourceTree = "<group>"; };
		C3C81E08173A3DFD00E53AD5 /* fontawesome-webfont.ttf */ = {isa = PBXFileReference; lastKnownFileType = file; path = "fontawesome-webfont.ttf"; sourceTree = "<group>"; };
		C3DAEC2C16EC06BE00C51F73 /* DMRepositoryTableViewCell.h */ = {isa = PBXFileReference; fileEncoding = 4; lastKnownFileType = sourcecode.c.h; path = DMRepositoryTableViewCell.h; sourceTree = "<group>"; };
		C3DAEC2D16EC06BE00C51F73 /* DMRepositoryTableViewCell.m */ = {isa = PBXFileReference; fileEncoding = 4; lastKnownFileType = sourcecode.c.objc; path = DMRepositoryTableViewCell.m; sourceTree = "<group>"; };
		C3E8DF82173C7D7500604115 /* RNBlurModalView.h */ = {isa = PBXFileReference; fileEncoding = 4; lastKnownFileType = sourcecode.c.h; path = RNBlurModalView.h; sourceTree = "<group>"; };
		C3E8DF83173C7D7500604115 /* RNBlurModalView.m */ = {isa = PBXFileReference; fileEncoding = 4; lastKnownFileType = sourcecode.c.objc; path = RNBlurModalView.m; sourceTree = "<group>"; };
		C3E8DF86173C7DA600604115 /* Accelerate.framework */ = {isa = PBXFileReference; lastKnownFileType = wrapper.framework; name = Accelerate.framework; path = System/Library/Frameworks/Accelerate.framework; sourceTree = SDKROOT; };
		C3E8DF88173C8BD200604115 /* DMCommitMessageView.h */ = {isa = PBXFileReference; fileEncoding = 4; lastKnownFileType = sourcecode.c.h; path = DMCommitMessageView.h; sourceTree = "<group>"; };
		C3E8DF89173C8BD200604115 /* DMCommitMessageView.m */ = {isa = PBXFileReference; fileEncoding = 4; lastKnownFileType = sourcecode.c.objc; path = DMCommitMessageView.m; sourceTree = "<group>"; };
		C3E8DF8B173C8C2900604115 /* DMCommitMessageView.xib */ = {isa = PBXFileReference; fileEncoding = 4; lastKnownFileType = file.xib; path = DMCommitMessageView.xib; sourceTree = "<group>"; };
		C3ED621716EC6FA700311A72 /* aGHCConstants.h */ = {isa = PBXFileReference; lastKnownFileType = sourcecode.c.h; path = aGHCConstants.h; sourceTree = "<group>"; };
		C3ED621816EC702000311A72 /* Security.framework */ = {isa = PBXFileReference; lastKnownFileType = wrapper.framework; name = Security.framework; path = System/Library/Frameworks/Security.framework; sourceTree = SDKROOT; };
		C3ED621A16EC702B00311A72 /* CFNetwork.framework */ = {isa = PBXFileReference; lastKnownFileType = wrapper.framework; name = CFNetwork.framework; path = System/Library/Frameworks/CFNetwork.framework; sourceTree = SDKROOT; };
		C3ED621C16EC703B00311A72 /* MessageUI.framework */ = {isa = PBXFileReference; lastKnownFileType = wrapper.framework; name = MessageUI.framework; path = System/Library/Frameworks/MessageUI.framework; sourceTree = SDKROOT; };
		C3ED621E16EC765F00311A72 /* DMAccountViewController.h */ = {isa = PBXFileReference; fileEncoding = 4; lastKnownFileType = sourcecode.c.h; path = DMAccountViewController.h; sourceTree = "<group>"; };
		C3ED621F16EC765F00311A72 /* DMAccountViewController.m */ = {isa = PBXFileReference; fileEncoding = 4; lastKnownFileType = sourcecode.c.objc; path = DMAccountViewController.m; sourceTree = "<group>"; };
/* End PBXFileReference section */

/* Begin PBXFrameworksBuildPhase section */
		C39840D716EA9AD100B2ADB1 /* Frameworks */ = {
			isa = PBXFrameworksBuildPhase;
			buildActionMask = 2147483647;
			files = (
				C36F88C9174009AD00458B6A /* libReactiveCocoa-iOS.a in Frameworks */,
				C3E8DF87173C7DA600604115 /* Accelerate.framework in Frameworks */,
				C384C74516EA9FE9009434D5 /* CoreText.framework in Frameworks */,
				C3B9937117346A070060A336 /* Social.framework in Frameworks */,
				C3B9936F173469D50060A336 /* Twitter.framework in Frameworks */,
				C3B9936D173466280060A336 /* Accounts.framework in Frameworks */,
				C3B56C801730E39C005A7CB8 /* QuickLook.framework in Frameworks */,
				C3ED621D16EC703B00311A72 /* MessageUI.framework in Frameworks */,
				C3ED621B16EC702B00311A72 /* CFNetwork.framework in Frameworks */,
				C3ED621916EC702000311A72 /* Security.framework in Frameworks */,
				C384C75516EAA4A9009434D5 /* MobileCoreServices.framework in Frameworks */,
				C384C75316EAA498009434D5 /* SystemConfiguration.framework in Frameworks */,
				C384C75116EAA12D009434D5 /* libz.dylib in Frameworks */,
				C384C74616EA9FE9009434D5 /* QuartzCore.framework in Frameworks */,
				C39840E216EA9AD100B2ADB1 /* CoreGraphics.framework in Frameworks */,
				C39840DE16EA9AD100B2ADB1 /* UIKit.framework in Frameworks */,
				C39840E016EA9AD100B2ADB1 /* Foundation.framework in Frameworks */,
				C241698F525B426D927F446D /* libPods.a in Frameworks */,
				C381C8041723F15500D29F01 /* libMMMarkdown-iOS.a in Frameworks */,
				C36F88B7173F0E3200458B6A /* SparkInspector.framework in Frameworks */,
			);
			runOnlyForDeploymentPostprocessing = 0;
		};
/* End PBXFrameworksBuildPhase section */

/* Begin PBXGroup section */
		C30235691721DEEB00842687 /* Repository Detail View */ = {
			isa = PBXGroup;
			children = (
				C302357617226B0500842687 /* DMRepositoryDetailViewController.h */,
				C302357717226B0500842687 /* DMRepositoryDetailViewController.m */,
				C30235601721DEAF00842687 /* DMRepositoryDetailTableViewController.h */,
				C30235611721DEAF00842687 /* DMRepositoryDetailTableViewController.m */,
				C3C81DFB173871E700E53AD5 /* DMTextView.h */,
				C3C81DFC173871E700E53AD5 /* DMTextView.m */,
				C3C81DFE1738722500E53AD5 /* DMRepositoryFileViewController.h */,
				C3C81DFF1738722500E53AD5 /* DMRepositoryFileViewController.m */,
				C34A007D17469D0D00828A92 /* DMRepositoryCommitsTableViewController.h */,
				C34A007E17469D0D00828A92 /* DMRepositoryCommitsTableViewController.m */,
			);
			name = "Repository Detail View";
			sourceTree = "<group>";
		};
		C302356A1721DF0700842687 /* Explore */ = {
			isa = PBXGroup;
			children = (
				C3A8EB82171F04CA001C85DD /* DMExploreTableViewController.h */,
				C3A8EB83171F04CA001C85DD /* DMExploreTableViewController.m */,
			);
			name = Explore;
			sourceTree = "<group>";
		};
		C302356B1721DF1500842687 /* Search */ = {
			isa = PBXGroup;
			children = (
				C3A8EB7D171F0332001C85DD /* DMSearchResultsViewController.h */,
				C3A8EB7E171F0332001C85DD /* DMSearchResultsViewController.m */,
				C37D72AA171FC66C00AB948C /* DMSearchResultsTableViewController.h */,
				C37D72AB171FC66C00AB948C /* DMSearchResultsTableViewController.m */,
			);
			name = Search;
			sourceTree = "<group>";
		};
		C302356C1721DF3300842687 /* My Repositories */ = {
			isa = PBXGroup;
			children = (
				C3AB55D0171CB16600D992C2 /* DMRepositoryViewController.h */,
				C3AB55D1171CB16600D992C2 /* DMRepositoryViewController.m */,
			);
			name = "My Repositories";
			sourceTree = "<group>";
		};
		C302356D1721DF3E00842687 /* Home Screen */ = {
			isa = PBXGroup;
			children = (
				C3767C9517168E7C00BC593B /* DMHomeScreenCollectionViewController.h */,
				C3767C9617168E7C00BC593B /* DMHomeScreenCollectionViewController.m */,
				C3767CA0171696E300BC593B /* DMHomeScreenViewController.h */,
				C3767CA1171696E300BC593B /* DMHomeScreenViewController.m */,
				C3767CA81716994B00BC593B /* DMHomeScreenTableViewController.h */,
				C3767CA91716994B00BC593B /* DMHomeScreenTableViewController.m */,
			);
			name = "Home Screen";
			sourceTree = "<group>";
		};
		C302356E1721DF4500842687 /* Settings */ = {
			isa = PBXGroup;
			children = (
				C3ED621E16EC765F00311A72 /* DMAccountViewController.h */,
				C3ED621F16EC765F00311A72 /* DMAccountViewController.m */,
				C3767C9B17168ECB00BC593B /* DMSettingsTableViewController.h */,
				C3767C9C17168ECB00BC593B /* DMSettingsTableViewController.m */,
				C3B99366173461F90060A336 /* DMAboutViewController.h */,
				C3B99367173461F90060A336 /* DMAboutViewController.m */,
				C3B99369173462730060A336 /* DMLicensingViewController.h */,
				C3B9936A173462730060A336 /* DMLicensingViewController.m */,
			);
			name = Settings;
			sourceTree = "<group>";
		};
		C302356F1721DF4F00842687 /* Initial View Controller */ = {
			isa = PBXGroup;
			children = (
				C3767C9217168E2900BC593B /* DMInitialViewController.h */,
				C3767C9317168E2900BC593B /* DMInitialViewController.m */,
			);
			name = "Initial View Controller";
			sourceTree = "<group>";
		};
		C3083CBC174B43A100F62A1F /* Notifications */ = {
			isa = PBXGroup;
			children = (
				C3083CBD174B43BE00F62A1F /* DMNotificationsTableViewController.h */,
				C3083CBE174B43BE00F62A1F /* DMNotificationsTableViewController.m */,
			);
			name = Notifications;
			sourceTree = "<group>";
		};
		C3083CC6174B477800F62A1F /* Gists */ = {
			isa = PBXGroup;
			children = (
				C3083CC7174B478E00F62A1F /* DMGistExploreTableViewController.h */,
				C3083CC8174B478E00F62A1F /* DMGistExploreTableViewController.m */,
			);
			name = Gists;
			sourceTree = "<group>";
		};
		C34A019617488AA300828A92 /* Images */ = {
			isa = PBXGroup;
			children = (
				C34A00E217488A5300828A92 /* aGHC-Icon.png */,
				C34A00E317488A5300828A92 /* Box.png */,
				C34A00E517488A5300828A92 /* Box@2x.png */,
				C34A00E717488A5300828A92 /* boxWithFork.png */,
				C34A00E917488A5300828A92 /* boxWithFork@2x.png */,
				C34A00EB17488A5400828A92 /* boxWithStar.png */,
				C34A00ED17488A5400828A92 /* boxWithStar@2x.png */,
				C34A00EF17488A5400828A92 /* CheckCommitsHighlighted.png */,
				C34A00F117488A5400828A92 /* CheckCommitsHighlighted@2x.png */,
				C34A00F317488A5500828A92 /* CheckCommitsNormal.png */,
				C34A00F517488A5500828A92 /* CheckCommitsNormal@2x.png */,
				C34A00F717488A5600828A92 /* DoneButton.png */,
				C34A00F817488A5600828A92 /* DoneButton@2x.png */,
				C34A00F917488A5600828A92 /* DoneHighlight.png */,
				C34A00FA17488A5600828A92 /* DoneHighlight@2x.png */,
				C34A00FB17488A5700828A92 /* ExploreCodeHighlighted.png */,
				C34A00FD17488A5700828A92 /* ExploreCodeHighlighted@2x.png */,
				C34A00FF17488A5800828A92 /* ExploreCodeNormal.png */,
				C34A010117488A5800828A92 /* ExploreCodeNormal@2x.png */,
				C34A010317488A5900828A92 /* ForkButtonHighlighted.png */,
				C34A010417488A5900828A92 /* ForkButtonHighlighted@2x.png */,
				C34A010517488A5A00828A92 /* ForkButtonNormal.png */,
				C34A010617488A5A00828A92 /* ForkButtonNormal@2x.png */,
				C34A010717488A5B00828A92 /* gravatar-user-420.png */,
				C34A010817488A5B00828A92 /* Icon 2-Artwork.png */,
				C34A010917488A5B00828A92 /* Icon 2-Artwork@2x.png */,
				C34A010A17488A5C00828A92 /* Icon 2-iPad.png */,
				C34A010B17488A5C00828A92 /* Icon 2-iPad@2x.png */,
				C34A010C17488A5D00828A92 /* Icon 2-Small-iPad.png */,
				C34A010D17488A5D00828A92 /* Icon 2-Small-iPad@2x.png */,
				C34A010E17488A5E00828A92 /* Icon 2-Small.png */,
				C34A010F17488A5E00828A92 /* Icon 2-Small@2x.png */,
				C34A011017488A5F00828A92 /* Icon 2.png */,
				C34A011117488A5F00828A92 /* Icon 2@2x.png */,
				C34A011217488A6000828A92 /* keyboardToggle.png */,
				C34A011317488A6000828A92 /* keyboardToggle@2x.png */,
				C34A011417488A6100828A92 /* lock.png */,
				C34A011617488A6200828A92 /* lock@2x.png */,
				C34A011817488A6300828A92 /* NotifyCheck.png */,
				C34A011917488A6400828A92 /* NotifyCheck@2x.png */,
				C34A011A17488A6400828A92 /* NotifyX.png */,
				C34A011B17488A6500828A92 /* NotifyX@2x.png */,
				C34A011C17488A6500828A92 /* old-ForkButtonHighlighted.png */,
				C34A011D17488A6600828A92 /* old-ForkButtonHighlighted@2x.png */,
				C34A011E17488A6700828A92 /* old-ForkButtonNormal.png */,
				C34A011F17488A6700828A92 /* old-ForkButtonNormal@2x.png */,
				C34A012017488A6800828A92 /* old-SmallButtonHighlighted.png */,
				C34A012117488A6900828A92 /* old-SmallButtonHighlighted@2x.png */,
				C34A012217488A6900828A92 /* old-SmallButtonNormal.png */,
				C34A012317488A6A00828A92 /* old-SmallButtonNormal@2x.png */,
				C34A012417488A6B00828A92 /* old-StarButtonHighlighted.png */,
				C34A012517488A6C00828A92 /* old-StarButtonHighlighted@2x.png */,
				C34A012617488A6C00828A92 /* old-StarButtonNormal.png */,
				C34A012717488A6D00828A92 /* old-StarButtonNormal@2x.png */,
				C34A012817488A6E00828A92 /* old-UnstarButtonHighlighted.png */,
				C34A012917488A6F00828A92 /* old-UnstarButtonHighlighted@2x.png */,
				C34A012A17488A6F00828A92 /* old-UnstarButtonNormal.png */,
				C34A012B17488A7000828A92 /* old-UnstarButtonNormal@2x.png */,
				C34A012C17488A7100828A92 /* old-UnwatchButtonHighlighted.png */,
				C34A012D17488A7200828A92 /* old-UnwatchButtonHighlighted@2x.png */,
				C34A012E17488A7200828A92 /* old-UnwatchButtonNormal.png */,
				C34A012F17488A7300828A92 /* old-UnwatchButtonNormal@2x.png */,
				C34A013017488A7400828A92 /* old-WatchButtonHighlighted.png */,
				C34A013117488A7500828A92 /* old-WatchButtonHighlighted@2x.png */,
				C34A013217488A7600828A92 /* old-WatchButtonNormal.png */,
				C34A013317488A7600828A92 /* old-WatchButtonNormal@2x.png */,
				C34A013417488A7700828A92 /* StarButtonHighlighted.png */,
				C34A013517488A7800828A92 /* StarButtonHighlighted@2x.png */,
				C34A013617488A7900828A92 /* StarButtonNormal.png */,
				C34A013717488A7A00828A92 /* StarButtonNormal@2x.png */,
				C34A013817488A7B00828A92 /* WatchButtonHighlighted.png */,
				C34A013917488A7B00828A92 /* WatchButtonHighlighted@2x.png */,
				C34A013A17488A7C00828A92 /* WatchButtonNormal.png */,
				C34A013B17488A7D00828A92 /* WatchButtonNormal@2x.png */,
			);
			name = Images;
			path = ..;
			sourceTree = "<group>";
		};
		C3767C8D1716895600BC593B /* StoryBoards */ = {
			isa = PBXGroup;
			children = (
				C3767C9E17168EEA00BC593B /* InitialStoryboard_iPhone.storyboard */,
				C39840F516EA9AD100B2ADB1 /* MainStoryboard_iPhone.storyboard */,
				C37F7028171CB5D3003D385E /* RepositoryStoryboard_iPhone.storyboard */,
				C3A8EB7B171F02E3001C85DD /* SearchStoryboard_iPhone.storyboard */,
				C3A8EB80171F048C001C85DD /* ExploreStoryboard_iPhone.storyboard */,
				C30235531721DD4300842687 /* RepositoryViewStoryboard_iPhone.storyboard */,
				C3083CC0174B43F200F62A1F /* NotificationsStoryboard_iPhone.storyboard */,
				C3083CC2174B440200F62A1F /* GistsStoryboard_iPhone.storyboard */,
				C3083CC4174B442500F62A1F /* NewsFeedStoryboard_iPhone.storyboard */,
			);
			name = StoryBoards;
			sourceTree = "<group>";
		};
		C3767C9117168E0800BC593B /* ViewControllers */ = {
			isa = PBXGroup;
			children = (
				C3083CC6174B477800F62A1F /* Gists */,
				C3083CBC174B43A100F62A1F /* Notifications */,
				C302356F1721DF4F00842687 /* Initial View Controller */,
				C302356E1721DF4500842687 /* Settings */,
				C302356D1721DF3E00842687 /* Home Screen */,
				C302356C1721DF3300842687 /* My Repositories */,
				C302356B1721DF1500842687 /* Search */,
				C302356A1721DF0700842687 /* Explore */,
				C30235691721DEEB00842687 /* Repository Detail View */,
			);
			name = ViewControllers;
			sourceTree = "<group>";
		};
		C39840D116EA9AD100B2ADB1 = {
			isa = PBXGroup;
			children = (
				C30235701721E04900842687 /* DMAppDelegate_TODO_List.h */,
				C39840E316EA9AD100B2ADB1 /* aGHC */,
				C39840DC16EA9AD100B2ADB1 /* Frameworks */,
				C39840DB16EA9AD100B2ADB1 /* Products */,
				48E35ED2D5A14F259D4DD291 /* Pods.xcconfig */,
			);
			sourceTree = "<group>";
		};
		C39840DB16EA9AD100B2ADB1 /* Products */ = {
			isa = PBXGroup;
			children = (
				C39840DA16EA9AD100B2ADB1 /* aGHC.app */,
			);
			name = Products;
			sourceTree = "<group>";
		};
		C39840DC16EA9AD100B2ADB1 /* Frameworks */ = {
			isa = PBXGroup;
			children = (
				C36F88C8174009AD00458B6A /* libReactiveCocoa-iOS.a */,
				C36F88B6173F0E3200458B6A /* SparkInspector.framework */,
				C3E8DF86173C7DA600604115 /* Accelerate.framework */,
				C3B9937017346A070060A336 /* Social.framework */,
				C3B9936E173469D50060A336 /* Twitter.framework */,
				C3B9936C173466280060A336 /* Accounts.framework */,
				C3B56C7F1730E39C005A7CB8 /* QuickLook.framework */,
				C381C8031723F15500D29F01 /* libMMMarkdown-iOS.a */,
				C3ED621C16EC703B00311A72 /* MessageUI.framework */,
				C3ED621A16EC702B00311A72 /* CFNetwork.framework */,
				C3ED621816EC702000311A72 /* Security.framework */,
				C384C75416EAA4A9009434D5 /* MobileCoreServices.framework */,
				C384C75216EAA498009434D5 /* SystemConfiguration.framework */,
				C384C75016EAA12D009434D5 /* libz.dylib */,
				C384C74316EA9FE9009434D5 /* CoreText.framework */,
				C384C74416EA9FE9009434D5 /* QuartzCore.framework */,
				C39840DD16EA9AD100B2ADB1 /* UIKit.framework */,
				C39840DF16EA9AD100B2ADB1 /* Foundation.framework */,
				C39840E116EA9AD100B2ADB1 /* CoreGraphics.framework */,
				46FCC8B0DAE24806B36D18EB /* libPods.a */,
			);
			name = Frameworks;
			sourceTree = "<group>";
		};
		C39840E316EA9AD100B2ADB1 /* aGHC */ = {
			isa = PBXGroup;
			children = (
				C34A019617488AA300828A92 /* Images */,
				C3E8DF85173C7D7800604115 /* RNBlurModalView */,
				C39840EC16EA9AD100B2ADB1 /* DMAppDelegate.h */,
				C39840ED16EA9AD100B2ADB1 /* DMAppDelegate.m */,
				C39840FB16EA9AD100B2ADB1 /* DMViewController.h */,
				C39840FC16EA9AD100B2ADB1 /* DMViewController.m */,
				C3767C9117168E0800BC593B /* ViewControllers */,
				C3767C8D1716895600BC593B /* StoryBoards */,
				C3DAEC3116EC06C100C51F73 /* XIBs & Classes */,
				C39840E416EA9AD100B2ADB1 /* Supporting Files */,
			);
			path = aGHC;
			sourceTree = "<group>";
		};
		C39840E416EA9AD100B2ADB1 /* Supporting Files */ = {
			isa = PBXGroup;
			children = (
				C3C81E08173A3DFD00E53AD5 /* fontawesome-webfont.ttf */,
				C329908D1712165500176E3A /* Avenir.ttc */,
				C3B99372173470500060A336 /* Pods-Acknowledgements.markdown */,
				C3ED621716EC6FA700311A72 /* aGHCConstants.h */,
				C384C74716EAA024009434D5 /* aGHC.entitlements */,
				C39840E516EA9AD100B2ADB1 /* aGHC-Info.plist */,
				C39840E616EA9AD100B2ADB1 /* InfoPlist.strings */,
				C39840E916EA9AD100B2ADB1 /* main.m */,
				C39840EB16EA9AD100B2ADB1 /* aGHC-Prefix.pch */,
				C39840EF16EA9AD100B2ADB1 /* Default.png */,
				C39840F116EA9AD100B2ADB1 /* Default@2x.png */,
				C39840F316EA9AD100B2ADB1 /* Default-568h@2x.png */,
			);
			name = "Supporting Files";
			sourceTree = "<group>";
		};
		C3DAEC3116EC06C100C51F73 /* XIBs & Classes */ = {
			isa = PBXGroup;
			children = (
				C30235711722534200842687 /* DMRepositoryDetailTableViewCell.xib */,
				C30235721722534200842687 /* DMRepositoryDetailTableViewCell.h */,
				C30235731722534300842687 /* DMRepositoryDetailTableViewCell.m */,
				C30FB3C717121D64002D6C69 /* DMCustomLabel.h */,
				C30FB3C817121D64002D6C69 /* DMCustomLabel.m */,
				C3DAEC2C16EC06BE00C51F73 /* DMRepositoryTableViewCell.h */,
				C3DAEC2D16EC06BE00C51F73 /* DMRepositoryTableViewCell.m */,
				C3767CA3171696FF00BC593B /* HomeScreenView.xib */,
				C302357917226B3B00842687 /* RepositoryDetailView.xib */,
				C3E8DF88173C8BD200604115 /* DMCommitMessageView.h */,
				C3E8DF89173C8BD200604115 /* DMCommitMessageView.m */,
				C3E8DF8B173C8C2900604115 /* DMCommitMessageView.xib */,
			);
			name = "XIBs & Classes";
			sourceTree = "<group>";
		};
		C3E8DF85173C7D7800604115 /* RNBlurModalView */ = {
			isa = PBXGroup;
			children = (
				C3E8DF82173C7D7500604115 /* RNBlurModalView.h */,
				C3E8DF83173C7D7500604115 /* RNBlurModalView.m */,
			);
			name = RNBlurModalView;
			sourceTree = "<group>";
		};
/* End PBXGroup section */

/* Begin PBXNativeTarget section */
		C39840D916EA9AD100B2ADB1 /* aGHC */ = {
			isa = PBXNativeTarget;
			buildConfigurationList = C398410016EA9AD100B2ADB1 /* Build configuration list for PBXNativeTarget "aGHC" */;
			buildPhases = (
				C39840D616EA9AD100B2ADB1 /* Sources */,
				C39840D716EA9AD100B2ADB1 /* Frameworks */,
				C39840D816EA9AD100B2ADB1 /* Resources */,
				9E0FAD16157F4871976BA754 /* Copy Pods Resources */,
			);
			buildRules = (
			);
			dependencies = (
			);
			name = aGHC;
			productName = aGHC;
			productReference = C39840DA16EA9AD100B2ADB1 /* aGHC.app */;
			productType = "com.apple.product-type.application";
		};
/* End PBXNativeTarget section */

/* Begin PBXProject section */
		C39840D216EA9AD100B2ADB1 /* Project object */ = {
			isa = PBXProject;
			attributes = {
				CLASSPREFIX = DM;
				LastUpgradeCheck = 0460;
				ORGANIZATIONNAME = "Daniel Miedema";
			};
			buildConfigurationList = C39840D516EA9AD100B2ADB1 /* Build configuration list for PBXProject "aGHC" */;
			compatibilityVersion = "Xcode 3.2";
			developmentRegion = English;
			hasScannedForEncodings = 0;
			knownRegions = (
				en,
			);
			mainGroup = C39840D116EA9AD100B2ADB1;
			productRefGroup = C39840DB16EA9AD100B2ADB1 /* Products */;
			projectDirPath = "";
			projectRoot = "";
			targets = (
				C39840D916EA9AD100B2ADB1 /* aGHC */,
			);
		};
/* End PBXProject section */

/* Begin PBXResourcesBuildPhase section */
		C39840D816EA9AD100B2ADB1 /* Resources */ = {
			isa = PBXResourcesBuildPhase;
			buildActionMask = 2147483647;
			files = (
				C39840E816EA9AD100B2ADB1 /* InfoPlist.strings in Resources */,
				C39840F016EA9AD100B2ADB1 /* Default.png in Resources */,
				C39840F216EA9AD100B2ADB1 /* Default@2x.png in Resources */,
				C39840F416EA9AD100B2ADB1 /* Default-568h@2x.png in Resources */,
				C39840F716EA9AD100B2ADB1 /* MainStoryboard_iPhone.storyboard in Resources */,
				C329908E1712165500176E3A /* Avenir.ttc in Resources */,
				C3767C9F17168EEA00BC593B /* InitialStoryboard_iPhone.storyboard in Resources */,
				C3767CA4171696FF00BC593B /* HomeScreenView.xib in Resources */,
				C37F7029171CB5D3003D385E /* RepositoryStoryboard_iPhone.storyboard in Resources */,
				C3A8EB7C171F02E3001C85DD /* SearchStoryboard_iPhone.storyboard in Resources */,
				C3A8EB81171F048C001C85DD /* ExploreStoryboard_iPhone.storyboard in Resources */,
				C30235541721DD4300842687 /* RepositoryViewStoryboard_iPhone.storyboard in Resources */,
				C30235741722534300842687 /* DMRepositoryDetailTableViewCell.xib in Resources */,
				C302357A17226B3B00842687 /* RepositoryDetailView.xib in Resources */,
				C3B99373173470500060A336 /* Pods-Acknowledgements.markdown in Resources */,
				C3C81E09173A3DFD00E53AD5 /* fontawesome-webfont.ttf in Resources */,
				C3E8DF8C173C8C2900604115 /* DMCommitMessageView.xib in Resources */,
				C34A013C17488A7E00828A92 /* aGHC-Icon.png in Resources */,
				C34A013D17488A7E00828A92 /* Box.png in Resources */,
				C34A013F17488A7E00828A92 /* Box@2x.png in Resources */,
				C34A014117488A7E00828A92 /* boxWithFork.png in Resources */,
				C34A014317488A7E00828A92 /* boxWithFork@2x.png in Resources */,
				C34A014517488A7E00828A92 /* boxWithStar.png in Resources */,
				C34A014717488A7E00828A92 /* boxWithStar@2x.png in Resources */,
				C34A014917488A7E00828A92 /* CheckCommitsHighlighted.png in Resources */,
				C34A014B17488A7E00828A92 /* CheckCommitsHighlighted@2x.png in Resources */,
				C34A014D17488A7E00828A92 /* CheckCommitsNormal.png in Resources */,
				C34A014F17488A7E00828A92 /* CheckCommitsNormal@2x.png in Resources */,
				C34A015117488A7E00828A92 /* DoneButton.png in Resources */,
				C34A015217488A7E00828A92 /* DoneButton@2x.png in Resources */,
				C34A015317488A7E00828A92 /* DoneHighlight.png in Resources */,
				C34A015417488A7E00828A92 /* DoneHighlight@2x.png in Resources */,
				C34A015517488A7E00828A92 /* ExploreCodeHighlighted.png in Resources */,
				C34A015717488A7E00828A92 /* ExploreCodeHighlighted@2x.png in Resources */,
				C34A015917488A7E00828A92 /* ExploreCodeNormal.png in Resources */,
				C34A015B17488A7E00828A92 /* ExploreCodeNormal@2x.png in Resources */,
				C34A015D17488A7E00828A92 /* ForkButtonHighlighted.png in Resources */,
				C34A015E17488A7E00828A92 /* ForkButtonHighlighted@2x.png in Resources */,
				C34A015F17488A7E00828A92 /* ForkButtonNormal.png in Resources */,
				C34A016017488A7E00828A92 /* ForkButtonNormal@2x.png in Resources */,
				C34A016117488A7E00828A92 /* gravatar-user-420.png in Resources */,
				C34A016217488A7E00828A92 /* Icon 2-Artwork.png in Resources */,
				C34A016317488A7E00828A92 /* Icon 2-Artwork@2x.png in Resources */,
				C34A016417488A7E00828A92 /* Icon 2-iPad.png in Resources */,
				C34A016517488A7E00828A92 /* Icon 2-iPad@2x.png in Resources */,
				C34A016617488A7E00828A92 /* Icon 2-Small-iPad.png in Resources */,
				C34A016717488A7E00828A92 /* Icon 2-Small-iPad@2x.png in Resources */,
				C34A016817488A7E00828A92 /* Icon 2-Small.png in Resources */,
				C34A016917488A7E00828A92 /* Icon 2-Small@2x.png in Resources */,
				C34A016A17488A7E00828A92 /* Icon 2.png in Resources */,
				C34A016B17488A7E00828A92 /* Icon 2@2x.png in Resources */,
				C34A016C17488A7E00828A92 /* keyboardToggle.png in Resources */,
				C34A016D17488A7E00828A92 /* keyboardToggle@2x.png in Resources */,
				C34A016E17488A7E00828A92 /* lock.png in Resources */,
				C34A017017488A7E00828A92 /* lock@2x.png in Resources */,
				C34A017217488A7E00828A92 /* NotifyCheck.png in Resources */,
				C34A017317488A7E00828A92 /* NotifyCheck@2x.png in Resources */,
				C34A017417488A7E00828A92 /* NotifyX.png in Resources */,
				C34A017517488A7E00828A92 /* NotifyX@2x.png in Resources */,
				C34A017617488A7E00828A92 /* old-ForkButtonHighlighted.png in Resources */,
				C34A017717488A7E00828A92 /* old-ForkButtonHighlighted@2x.png in Resources */,
				C34A017817488A7E00828A92 /* old-ForkButtonNormal.png in Resources */,
				C34A017917488A7E00828A92 /* old-ForkButtonNormal@2x.png in Resources */,
				C34A017A17488A7E00828A92 /* old-SmallButtonHighlighted.png in Resources */,
				C34A017B17488A7E00828A92 /* old-SmallButtonHighlighted@2x.png in Resources */,
				C34A017C17488A7E00828A92 /* old-SmallButtonNormal.png in Resources */,
				C34A017D17488A7E00828A92 /* old-SmallButtonNormal@2x.png in Resources */,
				C34A017E17488A7E00828A92 /* old-StarButtonHighlighted.png in Resources */,
				C34A017F17488A7E00828A92 /* old-StarButtonHighlighted@2x.png in Resources */,
				C34A018017488A7E00828A92 /* old-StarButtonNormal.png in Resources */,
				C34A018117488A7E00828A92 /* old-StarButtonNormal@2x.png in Resources */,
				C34A018217488A7E00828A92 /* old-UnstarButtonHighlighted.png in Resources */,
				C34A018317488A7E00828A92 /* old-UnstarButtonHighlighted@2x.png in Resources */,
				C34A018417488A7E00828A92 /* old-UnstarButtonNormal.png in Resources */,
				C34A018517488A7E00828A92 /* old-UnstarButtonNormal@2x.png in Resources */,
				C34A018617488A7E00828A92 /* old-UnwatchButtonHighlighted.png in Resources */,
				C34A018717488A7E00828A92 /* old-UnwatchButtonHighlighted@2x.png in Resources */,
				C34A018817488A7E00828A92 /* old-UnwatchButtonNormal.png in Resources */,
				C34A018917488A7E00828A92 /* old-UnwatchButtonNormal@2x.png in Resources */,
				C34A018A17488A7E00828A92 /* old-WatchButtonHighlighted.png in Resources */,
				C34A018B17488A7E00828A92 /* old-WatchButtonHighlighted@2x.png in Resources */,
				C34A018C17488A7E00828A92 /* old-WatchButtonNormal.png in Resources */,
				C34A018D17488A7E00828A92 /* old-WatchButtonNormal@2x.png in Resources */,
				C34A018E17488A7E00828A92 /* StarButtonHighlighted.png in Resources */,
				C34A018F17488A7E00828A92 /* StarButtonHighlighted@2x.png in Resources */,
				C34A019017488A7E00828A92 /* StarButtonNormal.png in Resources */,
				C34A019117488A7E00828A92 /* StarButtonNormal@2x.png in Resources */,
				C34A019217488A7E00828A92 /* WatchButtonHighlighted.png in Resources */,
				C34A019317488A7E00828A92 /* WatchButtonHighlighted@2x.png in Resources */,
				C34A019417488A7E00828A92 /* WatchButtonNormal.png in Resources */,
				C34A019517488A7E00828A92 /* WatchButtonNormal@2x.png in Resources */,
				C3083CC1174B43F200F62A1F /* NotificationsStoryboard_iPhone.storyboard in Resources */,
				C3083CC3174B440200F62A1F /* GistsStoryboard_iPhone.storyboard in Resources */,
				C3083CC5174B442500F62A1F /* NewsFeedStoryboard_iPhone.storyboard in Resources */,
			);
			runOnlyForDeploymentPostprocessing = 0;
		};
/* End PBXResourcesBuildPhase section */

/* Begin PBXShellScriptBuildPhase section */
		9E0FAD16157F4871976BA754 /* Copy Pods Resources */ = {
			isa = PBXShellScriptBuildPhase;
			buildActionMask = 2147483647;
			files = (
			);
			inputPaths = (
			);
			name = "Copy Pods Resources";
			outputPaths = (
			);
			runOnlyForDeploymentPostprocessing = 0;
			shellPath = /bin/sh;
			shellScript = "\"${SRCROOT}/Pods/Pods-resources.sh\"\n";
		};
/* End PBXShellScriptBuildPhase section */

/* Begin PBXSourcesBuildPhase section */
		C39840D616EA9AD100B2ADB1 /* Sources */ = {
			isa = PBXSourcesBuildPhase;
			buildActionMask = 2147483647;
			files = (
				C39840EA16EA9AD100B2ADB1 /* main.m in Sources */,
				C39840EE16EA9AD100B2ADB1 /* DMAppDelegate.m in Sources */,
				C39840FD16EA9AD100B2ADB1 /* DMViewController.m in Sources */,
				C3DAEC2F16EC06BE00C51F73 /* DMRepositoryTableViewCell.m in Sources */,
				C3ED622016EC765F00311A72 /* DMAccountViewController.m in Sources */,
				C30FB3C917121D64002D6C69 /* DMCustomLabel.m in Sources */,
				C3767C9417168E2900BC593B /* DMInitialViewController.m in Sources */,
				C3767C9717168E7C00BC593B /* DMHomeScreenCollectionViewController.m in Sources */,
				C3767C9D17168ECB00BC593B /* DMSettingsTableViewController.m in Sources */,
				C3767CA2171696E300BC593B /* DMHomeScreenViewController.m in Sources */,
				C3767CAA1716994B00BC593B /* DMHomeScreenTableViewController.m in Sources */,
				C3AB55D2171CB16600D992C2 /* DMRepositoryViewController.m in Sources */,
				C3A8EB7F171F0332001C85DD /* DMSearchResultsViewController.m in Sources */,
				C3A8EB84171F04CA001C85DD /* DMExploreTableViewController.m in Sources */,
				C37D72AC171FC66C00AB948C /* DMSearchResultsTableViewController.m in Sources */,
				C30235621721DEAF00842687 /* DMRepositoryDetailTableViewController.m in Sources */,
				C30235751722534300842687 /* DMRepositoryDetailTableViewCell.m in Sources */,
				C302357817226B0500842687 /* DMRepositoryDetailViewController.m in Sources */,
				C3B99368173461F90060A336 /* DMAboutViewController.m in Sources */,
				C3B9936B173462730060A336 /* DMLicensingViewController.m in Sources */,
				C3C81DFD173871E700E53AD5 /* DMTextView.m in Sources */,
				C3C81E001738722500E53AD5 /* DMRepositoryFileViewController.m in Sources */,
				C3E8DF84173C7D7500604115 /* RNBlurModalView.m in Sources */,
				C3E8DF8A173C8BD200604115 /* DMCommitMessageView.m in Sources */,
				C34A007F17469D0D00828A92 /* DMRepositoryCommitsTableViewController.m in Sources */,
				C3083CBF174B43BE00F62A1F /* DMNotificationsTableViewController.m in Sources */,
				C3083CC9174B478E00F62A1F /* DMGistExploreTableViewController.m in Sources */,
			);
			runOnlyForDeploymentPostprocessing = 0;
		};
/* End PBXSourcesBuildPhase section */

/* Begin PBXVariantGroup section */
		C39840E616EA9AD100B2ADB1 /* InfoPlist.strings */ = {
			isa = PBXVariantGroup;
			children = (
				C39840E716EA9AD100B2ADB1 /* en */,
			);
			name = InfoPlist.strings;
			sourceTree = "<group>";
		};
		C39840F516EA9AD100B2ADB1 /* MainStoryboard_iPhone.storyboard */ = {
			isa = PBXVariantGroup;
			children = (
				C39840F616EA9AD100B2ADB1 /* en */,
			);
			name = MainStoryboard_iPhone.storyboard;
			sourceTree = "<group>";
		};
/* End PBXVariantGroup section */

/* Begin XCBuildConfiguration section */
		C39840FE16EA9AD100B2ADB1 /* Debug */ = {
			isa = XCBuildConfiguration;
			buildSettings = {
				ALWAYS_SEARCH_USER_PATHS = NO;
				CLANG_CXX_LANGUAGE_STANDARD = "gnu++0x";
				CLANG_CXX_LIBRARY = "libc++";
				CLANG_ENABLE_OBJC_ARC = YES;
				CLANG_WARN_CONSTANT_CONVERSION = YES;
				CLANG_WARN_EMPTY_BODY = YES;
				CLANG_WARN_ENUM_CONVERSION = YES;
				CLANG_WARN_INT_CONVERSION = YES;
				CLANG_WARN__DUPLICATE_METHOD_MATCH = YES;
				"CODE_SIGN_IDENTITY[sdk=iphoneos*]" = "iPhone Developer";
				COPY_PHASE_STRIP = NO;
				FRAMEWORK_SEARCH_PATHS = (
					"\"/Users/SomeWhores/Library/Application Support/Spark Inspector\"",
				);
				GCC_C_LANGUAGE_STANDARD = gnu99;
				GCC_DYNAMIC_NO_PIC = NO;
				GCC_OPTIMIZATION_LEVEL = 0;
				GCC_PREPROCESSOR_DEFINITIONS = (
					"DEBUG=1",
					"$(inherited)",
				);
				GCC_SYMBOLS_PRIVATE_EXTERN = NO;
				GCC_WARN_ABOUT_RETURN_TYPE = YES;
				GCC_WARN_UNINITIALIZED_AUTOS = YES;
				GCC_WARN_UNUSED_VARIABLE = YES;
				IPHONEOS_DEPLOYMENT_TARGET = 6.1;
				ONLY_ACTIVE_ARCH = YES;
				OTHER_LDFLAGS = "-ObjC";
				SDKROOT = iphoneos;
				TARGETED_DEVICE_FAMILY = "1,2";
			};
			name = Debug;
		};
		C39840FF16EA9AD100B2ADB1 /* Release */ = {
			isa = XCBuildConfiguration;
			buildSettings = {
				ALWAYS_SEARCH_USER_PATHS = NO;
				CLANG_CXX_LANGUAGE_STANDARD = "gnu++0x";
				CLANG_CXX_LIBRARY = "libc++";
				CLANG_ENABLE_OBJC_ARC = YES;
				CLANG_WARN_CONSTANT_CONVERSION = YES;
				CLANG_WARN_EMPTY_BODY = YES;
				CLANG_WARN_ENUM_CONVERSION = YES;
				CLANG_WARN_INT_CONVERSION = YES;
				CLANG_WARN__DUPLICATE_METHOD_MATCH = YES;
				"CODE_SIGN_IDENTITY[sdk=iphoneos*]" = "iPhone Developer";
				COPY_PHASE_STRIP = YES;
				GCC_C_LANGUAGE_STANDARD = gnu99;
				GCC_WARN_ABOUT_RETURN_TYPE = YES;
				GCC_WARN_UNINITIALIZED_AUTOS = YES;
				GCC_WARN_UNUSED_VARIABLE = YES;
				IPHONEOS_DEPLOYMENT_TARGET = 6.1;
				OTHER_CFLAGS = "-DNS_BLOCK_ASSERTIONS=1";
				SDKROOT = iphoneos;
				TARGETED_DEVICE_FAMILY = "1,2";
				VALIDATE_PRODUCT = YES;
			};
			name = Release;
		};
		C398410116EA9AD100B2ADB1 /* Debug */ = {
			isa = XCBuildConfiguration;
			baseConfigurationReference = 48E35ED2D5A14F259D4DD291 /* Pods.xcconfig */;
			buildSettings = {
				CODE_SIGN_ENTITLEMENTS = aGHC/aGHC.entitlements;
				CODE_SIGN_IDENTITY = "iPhone Developer";
				"CODE_SIGN_IDENTITY[sdk=iphoneos*]" = "iPhone Developer";
				FRAMEWORK_SEARCH_PATHS = (
					"$(inherited)",
					"\"$(SRCROOT)\"",
					"\"/Users/SomeWhores/Library/Application Support/Spark Inspector\"",
				);
				GCC_PRECOMPILE_PREFIX_HEADER = YES;
				GCC_PREFIX_HEADER = "aGHC/aGHC-Prefix.pch";
				HEADER_SEARCH_PATHS = (
					"${PODS_HEADERS_SEARCH_PATHS}",
					"\"$(SDKROOT)/usr/include/libxml2\"",
					"$(SDKROOT)/usr/include/libxml2",
					"$(BUILD_ROOT)/../IntermediateBuildFilesPath/UninstalledProducts/include",
					"$(inherited)",
				);
				INFOPLIST_FILE = "aGHC/aGHC-Info.plist";
				LIBRARY_SEARCH_PATHS = (
					"$(inherited)",
					"\"$(SRCROOT)/TestFlightSDK1.2\"",
					"\"$(SRCROOT)\"",
				);
				OTHER_LDFLAGS = "-ObjC";
				"OTHER_LDFLAGS[arch=*]" = (
					"-ObjC",
					"-lTestFlight",
					"-licucore",
					"-lxml2",
					"-lz",
					"-framework",
					CoreGraphics,
					"-framework",
					CoreText,
					"-framework",
					Foundation,
					"-framework",
					ImageIO,
					"-framework",
					MediaPlayer,
					"-framework",
					MobileCoreServices,
					"-framework",
					QuartzCore,
					"-framework",
					SystemConfiguration,
					"-framework",
					UIKit,
				);
				PRODUCT_NAME = "$(TARGET_NAME)";
				PROVISIONING_PROFILE = "";
				"PROVISIONING_PROFILE[sdk=iphoneos*]" = "";
				WRAPPER_EXTENSION = app;
			};
			name = Debug;
		};
		C398410216EA9AD100B2ADB1 /* Release */ = {
			isa = XCBuildConfiguration;
			baseConfigurationReference = 48E35ED2D5A14F259D4DD291 /* Pods.xcconfig */;
			buildSettings = {
				CODE_SIGN_ENTITLEMENTS = aGHC/aGHC.entitlements;
				CODE_SIGN_IDENTITY = "iPhone Developer";
				"CODE_SIGN_IDENTITY[sdk=iphoneos*]" = "iPhone Developer";
				FRAMEWORK_SEARCH_PATHS = (
					"$(inherited)",
					"\"$(SRCROOT)\"",
				);
				GCC_PRECOMPILE_PREFIX_HEADER = YES;
				GCC_PREFIX_HEADER = "aGHC/aGHC-Prefix.pch";
				HEADER_SEARCH_PATHS = (
					"${PODS_HEADERS_SEARCH_PATHS}",
					"\"$(SDKROOT)/usr/include/libxml2\"",
					"$(SDKROOT)/usr/include/libxml2",
					"$(BUILD_ROOT)/../IntermediateBuildFilesPath/UninstalledProducts/include",
					"$(inherited)",
				);
				INFOPLIST_FILE = "aGHC/aGHC-Info.plist";
				LIBRARY_SEARCH_PATHS = (
					"$(inherited)",
					"\"$(SRCROOT)/TestFlightSDK1.2\"",
					"\"$(SRCROOT)\"",
				);
				"OTHER_LDFLAGS[arch=*]" = (
					"-ObjC",
					"-lTestFlight",
					"-licucore",
					"-lxml2",
					"-lz",
					"-framework",
					CoreGraphics,
					"-framework",
					CoreText,
					"-framework",
					Foundation,
					"-framework",
					ImageIO,
					"-framework",
					MediaPlayer,
					"-framework",
					MobileCoreServices,
					"-framework",
					QuartzCore,
					"-framework",
					SystemConfiguration,
					"-framework",
					UIKit,
				);
				PRODUCT_NAME = "$(TARGET_NAME)";
				PROVISIONING_PROFILE = "";
				"PROVISIONING_PROFILE[sdk=iphoneos*]" = "";
				WRAPPER_EXTENSION = app;
			};
			name = Release;
		};
/* End XCBuildConfiguration section */

/* Begin XCConfigurationList section */
		C39840D516EA9AD100B2ADB1 /* Build configuration list for PBXProject "aGHC" */ = {
			isa = XCConfigurationList;
			buildConfigurations = (
				C39840FE16EA9AD100B2ADB1 /* Debug */,
				C39840FF16EA9AD100B2ADB1 /* Release */,
			);
			defaultConfigurationIsVisible = 0;
			defaultConfigurationName = Release;
		};
		C398410016EA9AD100B2ADB1 /* Build configuration list for PBXNativeTarget "aGHC" */ = {
			isa = XCConfigurationList;
			buildConfigurations = (
				C398410116EA9AD100B2ADB1 /* Debug */,
				C398410216EA9AD100B2ADB1 /* Release */,
			);
			defaultConfigurationIsVisible = 0;
			defaultConfigurationName = Release;
		};
/* End XCConfigurationList section */
	};
	rootObject = C39840D216EA9AD100B2ADB1 /* Project object */;
}
